// !$*UTF8*$!
{
	archiveVersion = 1;
	classes = {
	};
	objectVersion = 46;
	objects = {

/* Begin PBXBuildFile section */
		1774FD87B5003077B517023E /* Pods_ImageLoader.framework in Frameworks */ = {isa = PBXBuildFile; fileRef = 983ACC85A508FF5C9963DA96 /* Pods_ImageLoader.framework */; };
		1F20258D73D7AA90BD45BC0A /* Pods_TEAService.framework in Frameworks */ = {isa = PBXBuildFile; fileRef = AD219052A51E9BFAB3A06619 /* Pods_TEAService.framework */; };
		618B5F1C313E093A8C2DDC7D /* Pods_HTTPFetcher.framework in Frameworks */ = {isa = PBXBuildFile; fileRef = 7785A144F19F5A518A64F118 /* Pods_HTTPFetcher.framework */; };
		83F99842BCC42CB3F8071755 /* Pods_TEA.framework in Frameworks */ = {isa = PBXBuildFile; fileRef = 6A359515BC8D89DB70255039 /* Pods_TEA.framework */; };
		AC01D3391E94D0B2008D38BB /* ExtendedNavBarView.swift in Sources */ = {isa = PBXBuildFile; fileRef = AC01D3381E94D0B2008D38BB /* ExtendedNavBarView.swift */; };
		AC020E341EAF3F95000783E8 /* AddPictogramsCoordinator.swift in Sources */ = {isa = PBXBuildFile; fileRef = AC020E331EAF3F95000783E8 /* AddPictogramsCoordinator.swift */; };
		AC020E371EAF3FA5000783E8 /* AddPictogramsViewController.swift in Sources */ = {isa = PBXBuildFile; fileRef = AC020E351EAF3FA5000783E8 /* AddPictogramsViewController.swift */; };
		AC020E381EAF3FA5000783E8 /* AddPictogramsViewController.xib in Resources */ = {isa = PBXBuildFile; fileRef = AC020E361EAF3FA5000783E8 /* AddPictogramsViewController.xib */; };
		AC020E3A1EAF3FB0000783E8 /* AddPictogramsViewModel.swift in Sources */ = {isa = PBXBuildFile; fileRef = AC020E391EAF3FB0000783E8 /* AddPictogramsViewModel.swift */; };
		AC0EA2931E6750BE005FA25F /* Container.h in Headers */ = {isa = PBXBuildFile; fileRef = AC0EA2911E6750BE005FA25F /* Container.h */; settings = {ATTRIBUTES = (Public, ); }; };
		AC0EA2961E6750BE005FA25F /* Container.framework in Frameworks */ = {isa = PBXBuildFile; fileRef = AC0EA28F1E6750BE005FA25F /* Container.framework */; };
		AC0EA2971E6750BE005FA25F /* Container.framework in Embed Frameworks */ = {isa = PBXBuildFile; fileRef = AC0EA28F1E6750BE005FA25F /* Container.framework */; settings = {ATTRIBUTES = (CodeSignOnCopy, RemoveHeadersOnCopy, ); }; };
		AC0EA29D1E6750D0005FA25F /* Model.xcdatamodeld in Sources */ = {isa = PBXBuildFile; fileRef = AC0EA29B1E6750D0005FA25F /* Model.xcdatamodeld */; };
		AC0EA2A21E675532005FA25F /* PictogramEntry.swift in Sources */ = {isa = PBXBuildFile; fileRef = AC0EA2A11E675532005FA25F /* PictogramEntry.swift */; };
		AC0EA2A41E6755D1005FA25F /* AudioEntry.swift in Sources */ = {isa = PBXBuildFile; fileRef = AC0EA2A31E6755D1005FA25F /* AudioEntry.swift */; };
		AC0EA2A81E67567F005FA25F /* ImageEntry.swift in Sources */ = {isa = PBXBuildFile; fileRef = AC0EA2A71E67567F005FA25F /* ImageEntry.swift */; };
		AC0EA2AA1E6756CE005FA25F /* TaskEntry.swift in Sources */ = {isa = PBXBuildFile; fileRef = AC0EA2A91E6756CE005FA25F /* TaskEntry.swift */; };
		AC3CFA151E79935800D87618 /* AddTaskCoordinator.swift in Sources */ = {isa = PBXBuildFile; fileRef = AC3CFA141E79935800D87618 /* AddTaskCoordinator.swift */; };
		AC3CFA171E79935F00D87618 /* AddTaskViewModel.swift in Sources */ = {isa = PBXBuildFile; fileRef = AC3CFA161E79935F00D87618 /* AddTaskViewModel.swift */; };
		AC3CFA1A1E79939A00D87618 /* AddTaskViewController.swift in Sources */ = {isa = PBXBuildFile; fileRef = AC3CFA181E79939A00D87618 /* AddTaskViewController.swift */; };
		AC3CFA1B1E79939A00D87618 /* AddTaskViewController.xib in Resources */ = {isa = PBXBuildFile; fileRef = AC3CFA191E79939A00D87618 /* AddTaskViewController.xib */; };
		AC6EA3D71E9F7501006852EF /* GridView.swift in Sources */ = {isa = PBXBuildFile; fileRef = AC6EA3D61E9F7501006852EF /* GridView.swift */; };
		AC84416F1E698BE700801CD7 /* TemporaryPersistentContainer.swift in Sources */ = {isa = PBXBuildFile; fileRef = AC84416A1E698A8A00801CD7 /* TemporaryPersistentContainer.swift */; };
		AC8441701E698BEA00801CD7 /* ModelContainer.swift in Sources */ = {isa = PBXBuildFile; fileRef = AC84416C1E698AA200801CD7 /* ModelContainer.swift */; };
		AC8441721E698CAF00801CD7 /* ModelResultsType.swift in Sources */ = {isa = PBXBuildFile; fileRef = AC8441711E698CAF00801CD7 /* ModelResultsType.swift */; };
		AC8441771E69979600801CD7 /* PictogramResults.swift in Sources */ = {isa = PBXBuildFile; fileRef = AC8441761E69979600801CD7 /* PictogramResults.swift */; };
		AC8441791E69987200801CD7 /* TaskResults.swift in Sources */ = {isa = PBXBuildFile; fileRef = AC8441781E69987200801CD7 /* TaskResults.swift */; };
		AC84417B1E699F8A00801CD7 /* PictogramContainer.swift in Sources */ = {isa = PBXBuildFile; fileRef = AC84417A1E699F8A00801CD7 /* PictogramContainer.swift */; };
		AC84417D1E69BF5800801CD7 /* Fetchable.swift in Sources */ = {isa = PBXBuildFile; fileRef = AC84417C1E69BF5800801CD7 /* Fetchable.swift */; };
		AC84417F1E69CDC200801CD7 /* TaskContainer.swift in Sources */ = {isa = PBXBuildFile; fileRef = AC84417E1E69CDC200801CD7 /* TaskContainer.swift */; };
		AC84418F1E69D6D300801CD7 /* Color.swift in Sources */ = {isa = PBXBuildFile; fileRef = AC84418E1E69D6D300801CD7 /* Color.swift */; };
		AC8441951E69D6E100801CD7 /* Coordinator.swift in Sources */ = {isa = PBXBuildFile; fileRef = AC8441901E69D6E100801CD7 /* Coordinator.swift */; };
		AC8441961E69D6E100801CD7 /* NibLoadableView.swift in Sources */ = {isa = PBXBuildFile; fileRef = AC8441911E69D6E100801CD7 /* NibLoadableView.swift */; };
		AC8441971E69D6E100801CD7 /* ReusableView.swift in Sources */ = {isa = PBXBuildFile; fileRef = AC8441921E69D6E100801CD7 /* ReusableView.swift */; };
		AC8441981E69D6E100801CD7 /* UICollectionView+Additions.swift in Sources */ = {isa = PBXBuildFile; fileRef = AC8441931E69D6E100801CD7 /* UICollectionView+Additions.swift */; };
		AC8441991E69D6E100801CD7 /* UISearchBar+Additions.swift in Sources */ = {isa = PBXBuildFile; fileRef = AC8441941E69D6E100801CD7 /* UISearchBar+Additions.swift */; };
		AC84419C1E69D70500801CD7 /* AppCoordinator.swift in Sources */ = {isa = PBXBuildFile; fileRef = AC84419B1E69D70500801CD7 /* AppCoordinator.swift */; };
		AC84419F1E69D7FA00801CD7 /* ScheduleCoordinator.swift in Sources */ = {isa = PBXBuildFile; fileRef = AC84419E1E69D7FA00801CD7 /* ScheduleCoordinator.swift */; };
		AC8441A21E69D86600801CD7 /* ScheduleViewController.swift in Sources */ = {isa = PBXBuildFile; fileRef = AC8441A01E69D86600801CD7 /* ScheduleViewController.swift */; };
		AC8441A31E69D86600801CD7 /* ScheduleViewController.xib in Resources */ = {isa = PBXBuildFile; fileRef = AC8441A11E69D86600801CD7 /* ScheduleViewController.xib */; };
		AC8441A51E69E29200801CD7 /* AddPictogramsToTaskCoordinator.swift in Sources */ = {isa = PBXBuildFile; fileRef = AC8441A41E69E29200801CD7 /* AddPictogramsToTaskCoordinator.swift */; };
		AC8E992D1EAE661300C74BBD /* Font.swift in Sources */ = {isa = PBXBuildFile; fileRef = AC8E992C1EAE661300C74BBD /* Font.swift */; };
		AC8E99381EAE666700C74BBD /* OpenSans-Bold.ttf in Resources */ = {isa = PBXBuildFile; fileRef = AC8E992E1EAE666700C74BBD /* OpenSans-Bold.ttf */; };
		AC8E99391EAE666700C74BBD /* OpenSans-BoldItalic.ttf in Resources */ = {isa = PBXBuildFile; fileRef = AC8E992F1EAE666700C74BBD /* OpenSans-BoldItalic.ttf */; };
		AC8E993A1EAE666700C74BBD /* OpenSans-ExtraBold.ttf in Resources */ = {isa = PBXBuildFile; fileRef = AC8E99301EAE666700C74BBD /* OpenSans-ExtraBold.ttf */; };
		AC8E993B1EAE666700C74BBD /* OpenSans-ExtraBoldItalic.ttf in Resources */ = {isa = PBXBuildFile; fileRef = AC8E99311EAE666700C74BBD /* OpenSans-ExtraBoldItalic.ttf */; };
		AC8E993C1EAE666700C74BBD /* OpenSans-Italic.ttf in Resources */ = {isa = PBXBuildFile; fileRef = AC8E99321EAE666700C74BBD /* OpenSans-Italic.ttf */; };
		AC8E993D1EAE666700C74BBD /* OpenSans-Light.ttf in Resources */ = {isa = PBXBuildFile; fileRef = AC8E99331EAE666700C74BBD /* OpenSans-Light.ttf */; };
		AC8E993E1EAE666700C74BBD /* OpenSans-LightItalic.ttf in Resources */ = {isa = PBXBuildFile; fileRef = AC8E99341EAE666700C74BBD /* OpenSans-LightItalic.ttf */; };
		AC8E993F1EAE666700C74BBD /* OpenSans-Regular.ttf in Resources */ = {isa = PBXBuildFile; fileRef = AC8E99351EAE666700C74BBD /* OpenSans-Regular.ttf */; };
		AC8E99401EAE666700C74BBD /* OpenSans-Semibold.ttf in Resources */ = {isa = PBXBuildFile; fileRef = AC8E99361EAE666700C74BBD /* OpenSans-Semibold.ttf */; };
		AC8E99411EAE666700C74BBD /* OpenSans-SemiboldItalic.ttf in Resources */ = {isa = PBXBuildFile; fileRef = AC8E99371EAE666700C74BBD /* OpenSans-SemiboldItalic.ttf */; };
		AC8E99441EAE6A6200C74BBD /* TextField.swift in Sources */ = {isa = PBXBuildFile; fileRef = AC8E99431EAE6A6200C74BBD /* TextField.swift */; };
		AC8E99461EAE6AB200C74BBD /* TextField.xib in Resources */ = {isa = PBXBuildFile; fileRef = AC8E99451EAE6AB200C74BBD /* TextField.xib */; };
		AC8E99481EAE78D500C74BBD /* UIView+Inspectable.swift in Sources */ = {isa = PBXBuildFile; fileRef = AC8E99471EAE78D500C74BBD /* UIView+Inspectable.swift */; };
		AC9BC3611E93E9E700B0842D /* ScheduleViewModel.swift in Sources */ = {isa = PBXBuildFile; fileRef = AC9BC3601E93E9E700B0842D /* ScheduleViewModel.swift */; };
		AC9BC3641E93EB3600B0842D /* Container+Schedule.swift in Sources */ = {isa = PBXBuildFile; fileRef = AC9BC3631E93EB3600B0842D /* Container+Schedule.swift */; };
		AC9BC3661E9410DC00B0842D /* prueba.png in Resources */ = {isa = PBXBuildFile; fileRef = AC9BC3651E9410DC00B0842D /* prueba.png */; };
		ACA1EFCC1E6D69A9007BFC13 /* AddPictogramsToTaskViewController.swift in Sources */ = {isa = PBXBuildFile; fileRef = ACA1EFCA1E6D69A9007BFC13 /* AddPictogramsToTaskViewController.swift */; };
		ACA1EFCD1E6D69A9007BFC13 /* AddPictogramsToTaskViewController.xib in Resources */ = {isa = PBXBuildFile; fileRef = ACA1EFCB1E6D69A9007BFC13 /* AddPictogramsToTaskViewController.xib */; };
		ACA1EFCF1E6EA642007BFC13 /* AddPictogramsToTaskViewModel.swift in Sources */ = {isa = PBXBuildFile; fileRef = ACA1EFCE1E6EA642007BFC13 /* AddPictogramsToTaskViewModel.swift */; };
		ACA1EFD31E6EB142007BFC13 /* PictogramView.swift in Sources */ = {isa = PBXBuildFile; fileRef = ACA1EFD21E6EB142007BFC13 /* PictogramView.swift */; };
		ACA1EFD51E6EB248007BFC13 /* PictogramView.xib in Resources */ = {isa = PBXBuildFile; fileRef = ACA1EFD41E6EB248007BFC13 /* PictogramView.xib */; };
		ACA1EFD81E6EB561007BFC13 /* PictogramCell.swift in Sources */ = {isa = PBXBuildFile; fileRef = ACA1EFD61E6EB561007BFC13 /* PictogramCell.swift */; };
		ACA1EFD91E6EB561007BFC13 /* PictogramCell.xib in Resources */ = {isa = PBXBuildFile; fileRef = ACA1EFD71E6EB561007BFC13 /* PictogramCell.xib */; };
		ACA1EFDC1E6ED5CC007BFC13 /* camera.png in Resources */ = {isa = PBXBuildFile; fileRef = ACA1EFDB1E6ED5CC007BFC13 /* camera.png */; };
		ACA1EFE11E6EF751007BFC13 /* Client+API+Pictogram.swift in Sources */ = {isa = PBXBuildFile; fileRef = ACA1EFDF1E6EF3BC007BFC13 /* Client+API+Pictogram.swift */; };
		ACB493BD1E60661D00EF069E /* AppDelegate.swift in Sources */ = {isa = PBXBuildFile; fileRef = ACB493BC1E60661D00EF069E /* AppDelegate.swift */; };
		ACB493C41E60661D00EF069E /* Assets.xcassets in Resources */ = {isa = PBXBuildFile; fileRef = ACB493C31E60661D00EF069E /* Assets.xcassets */; };
		ACB493C71E60661D00EF069E /* LaunchScreen.storyboard in Resources */ = {isa = PBXBuildFile; fileRef = ACB493C51E60661D00EF069E /* LaunchScreen.storyboard */; };
		ACB493D71E60668600EF069E /* ImageLoader.h in Headers */ = {isa = PBXBuildFile; fileRef = ACB493D51E60668600EF069E /* ImageLoader.h */; settings = {ATTRIBUTES = (Public, ); }; };
		ACB493DA1E60668600EF069E /* ImageLoader.framework in Frameworks */ = {isa = PBXBuildFile; fileRef = ACB493D31E60668600EF069E /* ImageLoader.framework */; };
		ACB493DB1E60668600EF069E /* ImageLoader.framework in Embed Frameworks */ = {isa = PBXBuildFile; fileRef = ACB493D31E60668600EF069E /* ImageLoader.framework */; settings = {ATTRIBUTES = (CodeSignOnCopy, RemoveHeadersOnCopy, ); }; };
		ACB493E11E60669700EF069E /* ImageLoader.swift in Sources */ = {isa = PBXBuildFile; fileRef = ACB493E01E60669700EF069E /* ImageLoader.swift */; };
		ACB493E31E6066B000EF069E /* ImageCache.swift in Sources */ = {isa = PBXBuildFile; fileRef = ACB493E21E6066B000EF069E /* ImageCache.swift */; };
		ACB493E51E6066F900EF069E /* RemoteImageLoader.swift in Sources */ = {isa = PBXBuildFile; fileRef = ACB493E41E6066F900EF069E /* RemoteImageLoader.swift */; };
		ACB493E71E60671000EF069E /* MemoryImageCache.swift in Sources */ = {isa = PBXBuildFile; fileRef = ACB493E61E60671000EF069E /* MemoryImageCache.swift */; };
		ACB493F11E60675000EF069E /* HTTPFetcher.h in Headers */ = {isa = PBXBuildFile; fileRef = ACB493EF1E60675000EF069E /* HTTPFetcher.h */; settings = {ATTRIBUTES = (Public, ); }; };
		ACB493F41E60675000EF069E /* HTTPFetcher.framework in Frameworks */ = {isa = PBXBuildFile; fileRef = ACB493ED1E60675000EF069E /* HTTPFetcher.framework */; };
		ACB493F51E60675000EF069E /* HTTPFetcher.framework in Embed Frameworks */ = {isa = PBXBuildFile; fileRef = ACB493ED1E60675000EF069E /* HTTPFetcher.framework */; settings = {ATTRIBUTES = (CodeSignOnCopy, RemoveHeadersOnCopy, ); }; };
		ACB493FA1E60675C00EF069E /* HTTPFetcher.swift in Sources */ = {isa = PBXBuildFile; fileRef = ACB493F91E60675C00EF069E /* HTTPFetcher.swift */; };
		ACB493FC1E60677800EF069E /* URLSession+HTTPFetcher.swift in Sources */ = {isa = PBXBuildFile; fileRef = ACB493FB1E60677800EF069E /* URLSession+HTTPFetcher.swift */; };
		ACB494061E6067CD00EF069E /* TEAService.h in Headers */ = {isa = PBXBuildFile; fileRef = ACB494041E6067CD00EF069E /* TEAService.h */; settings = {ATTRIBUTES = (Public, ); }; };
		ACB494091E6067CD00EF069E /* TEAService.framework in Frameworks */ = {isa = PBXBuildFile; fileRef = ACB494021E6067CC00EF069E /* TEAService.framework */; };
		ACB4940A1E6067CD00EF069E /* TEAService.framework in Embed Frameworks */ = {isa = PBXBuildFile; fileRef = ACB494021E6067CC00EF069E /* TEAService.framework */; settings = {ATTRIBUTES = (CodeSignOnCopy, RemoveHeadersOnCopy, ); }; };
		ACB494121E6067F400EF069E /* Response.swift in Sources */ = {isa = PBXBuildFile; fileRef = ACB494111E6067F400EF069E /* Response.swift */; };
		ACB494141E60680700EF069E /* ArasaacPictogram.swift in Sources */ = {isa = PBXBuildFile; fileRef = ACB494131E60680700EF069E /* ArasaacPictogram.swift */; };
		ACB494161E60682000EF069E /* JSONDecodable.swift in Sources */ = {isa = PBXBuildFile; fileRef = ACB494151E60682000EF069E /* JSONDecodable.swift */; };
		ACB494181E60683600EF069E /* Resource.swift in Sources */ = {isa = PBXBuildFile; fileRef = ACB494171E60683600EF069E /* Resource.swift */; };
		ACB4941A1E60684600EF069E /* API.swift in Sources */ = {isa = PBXBuildFile; fileRef = ACB494191E60684600EF069E /* API.swift */; };
		ACB4941C1E60686100EF069E /* Client.swift in Sources */ = {isa = PBXBuildFile; fileRef = ACB4941B1E60686100EF069E /* Client.swift */; };
		ACB4941E1E60687A00EF069E /* Client+API.swift in Sources */ = {isa = PBXBuildFile; fileRef = ACB4941D1E60687A00EF069E /* Client+API.swift */; };
		ACB525BE1EAD016800E4D183 /* NameWithImageViewModel.swift in Sources */ = {isa = PBXBuildFile; fileRef = ACB525BD1EAD016800E4D183 /* NameWithImageViewModel.swift */; };
		ACB525C01EAD055100E4D183 /* papelera.png in Resources */ = {isa = PBXBuildFile; fileRef = ACB525BF1EAD055100E4D183 /* papelera.png */; };
		ACBDEF701E9B875B006E072C /* DaySwich.swift in Sources */ = {isa = PBXBuildFile; fileRef = ACBDEF6F1E9B875B006E072C /* DaySwich.swift */; };
		ACBDEF781E9CD910006E072C /* NameWithImageViewController.swift in Sources */ = {isa = PBXBuildFile; fileRef = ACBDEF761E9CD910006E072C /* NameWithImageViewController.swift */; };
		ACBDEF791E9CD910006E072C /* NameWithImageViewController.xib in Resources */ = {isa = PBXBuildFile; fileRef = ACBDEF771E9CD910006E072C /* NameWithImageViewController.xib */; };
		ACBDEF7B1E9CDF60006E072C /* NameWithImageCoordinator.swift in Sources */ = {isa = PBXBuildFile; fileRef = ACBDEF7A1E9CDF60006E072C /* NameWithImageCoordinator.swift */; };
		ACD4526A1E689E6900396FC0 /* Persistable.swift in Sources */ = {isa = PBXBuildFile; fileRef = ACD452681E689E0000396FC0 /* Persistable.swift */; };
		ACD4526B1E689E6E00396FC0 /* Pictogram.swift in Sources */ = {isa = PBXBuildFile; fileRef = ACD452601E68997A00396FC0 /* Pictogram.swift */; };
		ACD4526C1E689E7200396FC0 /* Audio.swift in Sources */ = {isa = PBXBuildFile; fileRef = ACD452621E689A2700396FC0 /* Audio.swift */; };
		ACD4526D1E689E7500396FC0 /* Image.swift in Sources */ = {isa = PBXBuildFile; fileRef = ACD452641E689ACE00396FC0 /* Image.swift */; };
		ACD4526E1E689E7800396FC0 /* Task.swift in Sources */ = {isa = PBXBuildFile; fileRef = ACD452661E689B0D00396FC0 /* Task.swift */; };
		CC04848EB37B7B538E54248C /* Pods_Container.framework in Frameworks */ = {isa = PBXBuildFile; fileRef = 9FCEDFBF61A68379B751567E /* Pods_Container.framework */; };
/* End PBXBuildFile section */

/* Begin PBXContainerItemProxy section */
		AC0EA2941E6750BE005FA25F /* PBXContainerItemProxy */ = {
			isa = PBXContainerItemProxy;
			containerPortal = ACB493B11E60661D00EF069E /* Project object */;
			proxyType = 1;
			remoteGlobalIDString = AC0EA28E1E6750BE005FA25F;
			remoteInfo = Container;
		};
		ACB493D81E60668600EF069E /* PBXContainerItemProxy */ = {
			isa = PBXContainerItemProxy;
			containerPortal = ACB493B11E60661D00EF069E /* Project object */;
			proxyType = 1;
			remoteGlobalIDString = ACB493D21E60668600EF069E;
			remoteInfo = ImageLoader;
		};
		ACB493F21E60675000EF069E /* PBXContainerItemProxy */ = {
			isa = PBXContainerItemProxy;
			containerPortal = ACB493B11E60661D00EF069E /* Project object */;
			proxyType = 1;
			remoteGlobalIDString = ACB493EC1E60675000EF069E;
			remoteInfo = HTTPFetcher;
		};
		ACB494071E6067CD00EF069E /* PBXContainerItemProxy */ = {
			isa = PBXContainerItemProxy;
			containerPortal = ACB493B11E60661D00EF069E /* Project object */;
			proxyType = 1;
			remoteGlobalIDString = ACB494011E6067CC00EF069E;
			remoteInfo = TEAService;
		};
/* End PBXContainerItemProxy section */

/* Begin PBXCopyFilesBuildPhase section */
		ACB493DF1E60668600EF069E /* Embed Frameworks */ = {
			isa = PBXCopyFilesBuildPhase;
			buildActionMask = 2147483647;
			dstPath = "";
			dstSubfolderSpec = 10;
			files = (
				ACB493F51E60675000EF069E /* HTTPFetcher.framework in Embed Frameworks */,
				ACB4940A1E6067CD00EF069E /* TEAService.framework in Embed Frameworks */,
				AC0EA2971E6750BE005FA25F /* Container.framework in Embed Frameworks */,
				ACB493DB1E60668600EF069E /* ImageLoader.framework in Embed Frameworks */,
			);
			name = "Embed Frameworks";
			runOnlyForDeploymentPostprocessing = 0;
		};
/* End PBXCopyFilesBuildPhase section */

/* Begin PBXFileReference section */
		11741A8E8FFD8FFB88671037 /* Pods-Container.release.xcconfig */ = {isa = PBXFileReference; includeInIndex = 1; lastKnownFileType = text.xcconfig; name = "Pods-Container.release.xcconfig"; path = "Pods/Target Support Files/Pods-Container/Pods-Container.release.xcconfig"; sourceTree = "<group>"; };
		1D3A6E3AB7163E6B72B7600E /* Pods-TEAService.release.xcconfig */ = {isa = PBXFileReference; includeInIndex = 1; lastKnownFileType = text.xcconfig; name = "Pods-TEAService.release.xcconfig"; path = "Pods/Target Support Files/Pods-TEAService/Pods-TEAService.release.xcconfig"; sourceTree = "<group>"; };
		25B6B7F68F165224D67A85D9 /* Pods-HTTPFetcher.debug.xcconfig */ = {isa = PBXFileReference; includeInIndex = 1; lastKnownFileType = text.xcconfig; name = "Pods-HTTPFetcher.debug.xcconfig"; path = "Pods/Target Support Files/Pods-HTTPFetcher/Pods-HTTPFetcher.debug.xcconfig"; sourceTree = "<group>"; };
		3078EBF3E7AC8CB4416B0651 /* Pods-HTTPFetcher.release.xcconfig */ = {isa = PBXFileReference; includeInIndex = 1; lastKnownFileType = text.xcconfig; name = "Pods-HTTPFetcher.release.xcconfig"; path = "Pods/Target Support Files/Pods-HTTPFetcher/Pods-HTTPFetcher.release.xcconfig"; sourceTree = "<group>"; };
		3965308828AE34E6086023A5 /* Pods-ImageLoader.debug.xcconfig */ = {isa = PBXFileReference; includeInIndex = 1; lastKnownFileType = text.xcconfig; name = "Pods-ImageLoader.debug.xcconfig"; path = "Pods/Target Support Files/Pods-ImageLoader/Pods-ImageLoader.debug.xcconfig"; sourceTree = "<group>"; };
		4587DB408AD7595A90A6C0BE /* Pods-TEA.debug.xcconfig */ = {isa = PBXFileReference; includeInIndex = 1; lastKnownFileType = text.xcconfig; name = "Pods-TEA.debug.xcconfig"; path = "Pods/Target Support Files/Pods-TEA/Pods-TEA.debug.xcconfig"; sourceTree = "<group>"; };
		5C40FCC9F566CD91CE587027 /* Pods-TEA.release.xcconfig */ = {isa = PBXFileReference; includeInIndex = 1; lastKnownFileType = text.xcconfig; name = "Pods-TEA.release.xcconfig"; path = "Pods/Target Support Files/Pods-TEA/Pods-TEA.release.xcconfig"; sourceTree = "<group>"; };
		60B95C48CFD07F5AD9D5FF59 /* Pods-Container.debug.xcconfig */ = {isa = PBXFileReference; includeInIndex = 1; lastKnownFileType = text.xcconfig; name = "Pods-Container.debug.xcconfig"; path = "Pods/Target Support Files/Pods-Container/Pods-Container.debug.xcconfig"; sourceTree = "<group>"; };
		6A359515BC8D89DB70255039 /* Pods_TEA.framework */ = {isa = PBXFileReference; explicitFileType = wrapper.framework; includeInIndex = 0; path = Pods_TEA.framework; sourceTree = BUILT_PRODUCTS_DIR; };
		6B5AF472FDB384F09919AB0D /* Pods-TEAService.debug.xcconfig */ = {isa = PBXFileReference; includeInIndex = 1; lastKnownFileType = text.xcconfig; name = "Pods-TEAService.debug.xcconfig"; path = "Pods/Target Support Files/Pods-TEAService/Pods-TEAService.debug.xcconfig"; sourceTree = "<group>"; };
		7785A144F19F5A518A64F118 /* Pods_HTTPFetcher.framework */ = {isa = PBXFileReference; explicitFileType = wrapper.framework; includeInIndex = 0; path = Pods_HTTPFetcher.framework; sourceTree = BUILT_PRODUCTS_DIR; };
		983ACC85A508FF5C9963DA96 /* Pods_ImageLoader.framework */ = {isa = PBXFileReference; explicitFileType = wrapper.framework; includeInIndex = 0; path = Pods_ImageLoader.framework; sourceTree = BUILT_PRODUCTS_DIR; };
		9FCEDFBF61A68379B751567E /* Pods_Container.framework */ = {isa = PBXFileReference; explicitFileType = wrapper.framework; includeInIndex = 0; path = Pods_Container.framework; sourceTree = BUILT_PRODUCTS_DIR; };
		AC01D3381E94D0B2008D38BB /* ExtendedNavBarView.swift */ = {isa = PBXFileReference; fileEncoding = 4; lastKnownFileType = sourcecode.swift; path = ExtendedNavBarView.swift; sourceTree = "<group>"; };
		AC020E331EAF3F95000783E8 /* AddPictogramsCoordinator.swift */ = {isa = PBXFileReference; fileEncoding = 4; lastKnownFileType = sourcecode.swift; path = AddPictogramsCoordinator.swift; sourceTree = "<group>"; };
		AC020E351EAF3FA5000783E8 /* AddPictogramsViewController.swift */ = {isa = PBXFileReference; fileEncoding = 4; lastKnownFileType = sourcecode.swift; path = AddPictogramsViewController.swift; sourceTree = "<group>"; };
		AC020E361EAF3FA5000783E8 /* AddPictogramsViewController.xib */ = {isa = PBXFileReference; fileEncoding = 4; lastKnownFileType = file.xib; path = AddPictogramsViewController.xib; sourceTree = "<group>"; };
		AC020E391EAF3FB0000783E8 /* AddPictogramsViewModel.swift */ = {isa = PBXFileReference; fileEncoding = 4; lastKnownFileType = sourcecode.swift; path = AddPictogramsViewModel.swift; sourceTree = "<group>"; };
		AC0EA28F1E6750BE005FA25F /* Container.framework */ = {isa = PBXFileReference; explicitFileType = wrapper.framework; includeInIndex = 0; path = Container.framework; sourceTree = BUILT_PRODUCTS_DIR; };
		AC0EA2911E6750BE005FA25F /* Container.h */ = {isa = PBXFileReference; lastKnownFileType = sourcecode.c.h; path = Container.h; sourceTree = "<group>"; };
		AC0EA2921E6750BE005FA25F /* Info.plist */ = {isa = PBXFileReference; lastKnownFileType = text.plist.xml; path = Info.plist; sourceTree = "<group>"; };
		AC0EA29C1E6750D0005FA25F /* Model.xcdatamodel */ = {isa = PBXFileReference; lastKnownFileType = wrapper.xcdatamodel; path = Model.xcdatamodel; sourceTree = "<group>"; };
		AC0EA2A11E675532005FA25F /* PictogramEntry.swift */ = {isa = PBXFileReference; fileEncoding = 4; lastKnownFileType = sourcecode.swift; path = PictogramEntry.swift; sourceTree = "<group>"; };
		AC0EA2A31E6755D1005FA25F /* AudioEntry.swift */ = {isa = PBXFileReference; fileEncoding = 4; lastKnownFileType = sourcecode.swift; path = AudioEntry.swift; sourceTree = "<group>"; };
		AC0EA2A71E67567F005FA25F /* ImageEntry.swift */ = {isa = PBXFileReference; fileEncoding = 4; lastKnownFileType = sourcecode.swift; path = ImageEntry.swift; sourceTree = "<group>"; };
		AC0EA2A91E6756CE005FA25F /* TaskEntry.swift */ = {isa = PBXFileReference; fileEncoding = 4; lastKnownFileType = sourcecode.swift; path = TaskEntry.swift; sourceTree = "<group>"; };
		AC3CFA141E79935800D87618 /* AddTaskCoordinator.swift */ = {isa = PBXFileReference; fileEncoding = 4; lastKnownFileType = sourcecode.swift; path = AddTaskCoordinator.swift; sourceTree = "<group>"; };
		AC3CFA161E79935F00D87618 /* AddTaskViewModel.swift */ = {isa = PBXFileReference; fileEncoding = 4; lastKnownFileType = sourcecode.swift; path = AddTaskViewModel.swift; sourceTree = "<group>"; };
		AC3CFA181E79939A00D87618 /* AddTaskViewController.swift */ = {isa = PBXFileReference; fileEncoding = 4; lastKnownFileType = sourcecode.swift; path = AddTaskViewController.swift; sourceTree = "<group>"; };
		AC3CFA191E79939A00D87618 /* AddTaskViewController.xib */ = {isa = PBXFileReference; fileEncoding = 4; lastKnownFileType = file.xib; path = AddTaskViewController.xib; sourceTree = "<group>"; };
		AC6EA3D61E9F7501006852EF /* GridView.swift */ = {isa = PBXFileReference; fileEncoding = 4; lastKnownFileType = sourcecode.swift; path = GridView.swift; sourceTree = "<group>"; };
		AC84416A1E698A8A00801CD7 /* TemporaryPersistentContainer.swift */ = {isa = PBXFileReference; fileEncoding = 4; lastKnownFileType = sourcecode.swift; path = TemporaryPersistentContainer.swift; sourceTree = "<group>"; };
		AC84416C1E698AA200801CD7 /* ModelContainer.swift */ = {isa = PBXFileReference; fileEncoding = 4; lastKnownFileType = sourcecode.swift; path = ModelContainer.swift; sourceTree = "<group>"; };
		AC8441711E698CAF00801CD7 /* ModelResultsType.swift */ = {isa = PBXFileReference; fileEncoding = 4; lastKnownFileType = sourcecode.swift; path = ModelResultsType.swift; sourceTree = "<group>"; };
		AC8441761E69979600801CD7 /* PictogramResults.swift */ = {isa = PBXFileReference; fileEncoding = 4; lastKnownFileType = sourcecode.swift; path = PictogramResults.swift; sourceTree = "<group>"; };
		AC8441781E69987200801CD7 /* TaskResults.swift */ = {isa = PBXFileReference; fileEncoding = 4; lastKnownFileType = sourcecode.swift; path = TaskResults.swift; sourceTree = "<group>"; };
		AC84417A1E699F8A00801CD7 /* PictogramContainer.swift */ = {isa = PBXFileReference; fileEncoding = 4; lastKnownFileType = sourcecode.swift; path = PictogramContainer.swift; sourceTree = "<group>"; };
		AC84417C1E69BF5800801CD7 /* Fetchable.swift */ = {isa = PBXFileReference; fileEncoding = 4; lastKnownFileType = sourcecode.swift; path = Fetchable.swift; sourceTree = "<group>"; };
		AC84417E1E69CDC200801CD7 /* TaskContainer.swift */ = {isa = PBXFileReference; fileEncoding = 4; lastKnownFileType = sourcecode.swift; path = TaskContainer.swift; sourceTree = "<group>"; };
		AC84418E1E69D6D300801CD7 /* Color.swift */ = {isa = PBXFileReference; fileEncoding = 4; lastKnownFileType = sourcecode.swift; path = Color.swift; sourceTree = "<group>"; };
		AC8441901E69D6E100801CD7 /* Coordinator.swift */ = {isa = PBXFileReference; fileEncoding = 4; lastKnownFileType = sourcecode.swift; path = Coordinator.swift; sourceTree = "<group>"; };
		AC8441911E69D6E100801CD7 /* NibLoadableView.swift */ = {isa = PBXFileReference; fileEncoding = 4; lastKnownFileType = sourcecode.swift; path = NibLoadableView.swift; sourceTree = "<group>"; };
		AC8441921E69D6E100801CD7 /* ReusableView.swift */ = {isa = PBXFileReference; fileEncoding = 4; lastKnownFileType = sourcecode.swift; path = ReusableView.swift; sourceTree = "<group>"; };
		AC8441931E69D6E100801CD7 /* UICollectionView+Additions.swift */ = {isa = PBXFileReference; fileEncoding = 4; lastKnownFileType = sourcecode.swift; path = "UICollectionView+Additions.swift"; sourceTree = "<group>"; };
		AC8441941E69D6E100801CD7 /* UISearchBar+Additions.swift */ = {isa = PBXFileReference; fileEncoding = 4; lastKnownFileType = sourcecode.swift; path = "UISearchBar+Additions.swift"; sourceTree = "<group>"; };
		AC84419B1E69D70500801CD7 /* AppCoordinator.swift */ = {isa = PBXFileReference; fileEncoding = 4; lastKnownFileType = sourcecode.swift; path = AppCoordinator.swift; sourceTree = "<group>"; };
		AC84419E1E69D7FA00801CD7 /* ScheduleCoordinator.swift */ = {isa = PBXFileReference; fileEncoding = 4; lastKnownFileType = sourcecode.swift; path = ScheduleCoordinator.swift; sourceTree = "<group>"; };
		AC8441A01E69D86600801CD7 /* ScheduleViewController.swift */ = {isa = PBXFileReference; fileEncoding = 4; lastKnownFileType = sourcecode.swift; path = ScheduleViewController.swift; sourceTree = "<group>"; };
		AC8441A11E69D86600801CD7 /* ScheduleViewController.xib */ = {isa = PBXFileReference; fileEncoding = 4; lastKnownFileType = file.xib; path = ScheduleViewController.xib; sourceTree = "<group>"; };
		AC8441A41E69E29200801CD7 /* AddPictogramsToTaskCoordinator.swift */ = {isa = PBXFileReference; fileEncoding = 4; lastKnownFileType = sourcecode.swift; path = AddPictogramsToTaskCoordinator.swift; sourceTree = "<group>"; };
		AC8E992C1EAE661300C74BBD /* Font.swift */ = {isa = PBXFileReference; fileEncoding = 4; lastKnownFileType = sourcecode.swift; path = Font.swift; sourceTree = "<group>"; };
		AC8E992E1EAE666700C74BBD /* OpenSans-Bold.ttf */ = {isa = PBXFileReference; lastKnownFileType = file; path = "OpenSans-Bold.ttf"; sourceTree = "<group>"; };
		AC8E992F1EAE666700C74BBD /* OpenSans-BoldItalic.ttf */ = {isa = PBXFileReference; lastKnownFileType = file; path = "OpenSans-BoldItalic.ttf"; sourceTree = "<group>"; };
		AC8E99301EAE666700C74BBD /* OpenSans-ExtraBold.ttf */ = {isa = PBXFileReference; lastKnownFileType = file; path = "OpenSans-ExtraBold.ttf"; sourceTree = "<group>"; };
		AC8E99311EAE666700C74BBD /* OpenSans-ExtraBoldItalic.ttf */ = {isa = PBXFileReference; lastKnownFileType = file; path = "OpenSans-ExtraBoldItalic.ttf"; sourceTree = "<group>"; };
		AC8E99321EAE666700C74BBD /* OpenSans-Italic.ttf */ = {isa = PBXFileReference; lastKnownFileType = file; path = "OpenSans-Italic.ttf"; sourceTree = "<group>"; };
		AC8E99331EAE666700C74BBD /* OpenSans-Light.ttf */ = {isa = PBXFileReference; lastKnownFileType = file; path = "OpenSans-Light.ttf"; sourceTree = "<group>"; };
		AC8E99341EAE666700C74BBD /* OpenSans-LightItalic.ttf */ = {isa = PBXFileReference; lastKnownFileType = file; path = "OpenSans-LightItalic.ttf"; sourceTree = "<group>"; };
		AC8E99351EAE666700C74BBD /* OpenSans-Regular.ttf */ = {isa = PBXFileReference; lastKnownFileType = file; path = "OpenSans-Regular.ttf"; sourceTree = "<group>"; };
		AC8E99361EAE666700C74BBD /* OpenSans-Semibold.ttf */ = {isa = PBXFileReference; lastKnownFileType = file; path = "OpenSans-Semibold.ttf"; sourceTree = "<group>"; };
		AC8E99371EAE666700C74BBD /* OpenSans-SemiboldItalic.ttf */ = {isa = PBXFileReference; lastKnownFileType = file; path = "OpenSans-SemiboldItalic.ttf"; sourceTree = "<group>"; };
		AC8E99431EAE6A6200C74BBD /* TextField.swift */ = {isa = PBXFileReference; fileEncoding = 4; lastKnownFileType = sourcecode.swift; path = TextField.swift; sourceTree = "<group>"; };
		AC8E99451EAE6AB200C74BBD /* TextField.xib */ = {isa = PBXFileReference; fileEncoding = 4; lastKnownFileType = file.xib; path = TextField.xib; sourceTree = "<group>"; };
		AC8E99471EAE78D500C74BBD /* UIView+Inspectable.swift */ = {isa = PBXFileReference; fileEncoding = 4; lastKnownFileType = sourcecode.swift; path = "UIView+Inspectable.swift"; sourceTree = "<group>"; };
		AC9BC3601E93E9E700B0842D /* ScheduleViewModel.swift */ = {isa = PBXFileReference; fileEncoding = 4; lastKnownFileType = sourcecode.swift; path = ScheduleViewModel.swift; sourceTree = "<group>"; };
		AC9BC3631E93EB3600B0842D /* Container+Schedule.swift */ = {isa = PBXFileReference; fileEncoding = 4; lastKnownFileType = sourcecode.swift; path = "Container+Schedule.swift"; sourceTree = "<group>"; };
		AC9BC3651E9410DC00B0842D /* prueba.png */ = {isa = PBXFileReference; lastKnownFileType = image.png; path = prueba.png; sourceTree = "<group>"; };
		ACA1EFCA1E6D69A9007BFC13 /* AddPictogramsToTaskViewController.swift */ = {isa = PBXFileReference; fileEncoding = 4; lastKnownFileType = sourcecode.swift; path = AddPictogramsToTaskViewController.swift; sourceTree = "<group>"; };
		ACA1EFCB1E6D69A9007BFC13 /* AddPictogramsToTaskViewController.xib */ = {isa = PBXFileReference; fileEncoding = 4; lastKnownFileType = file.xib; path = AddPictogramsToTaskViewController.xib; sourceTree = "<group>"; };
		ACA1EFCE1E6EA642007BFC13 /* AddPictogramsToTaskViewModel.swift */ = {isa = PBXFileReference; fileEncoding = 4; lastKnownFileType = sourcecode.swift; path = AddPictogramsToTaskViewModel.swift; sourceTree = "<group>"; };
		ACA1EFD21E6EB142007BFC13 /* PictogramView.swift */ = {isa = PBXFileReference; fileEncoding = 4; lastKnownFileType = sourcecode.swift; path = PictogramView.swift; sourceTree = "<group>"; };
		ACA1EFD41E6EB248007BFC13 /* PictogramView.xib */ = {isa = PBXFileReference; fileEncoding = 4; lastKnownFileType = file.xib; path = PictogramView.xib; sourceTree = "<group>"; };
		ACA1EFD61E6EB561007BFC13 /* PictogramCell.swift */ = {isa = PBXFileReference; fileEncoding = 4; lastKnownFileType = sourcecode.swift; path = PictogramCell.swift; sourceTree = "<group>"; };
		ACA1EFD71E6EB561007BFC13 /* PictogramCell.xib */ = {isa = PBXFileReference; fileEncoding = 4; lastKnownFileType = file.xib; path = PictogramCell.xib; sourceTree = "<group>"; };
		ACA1EFDB1E6ED5CC007BFC13 /* camera.png */ = {isa = PBXFileReference; lastKnownFileType = image.png; path = camera.png; sourceTree = "<group>"; };
		ACA1EFDF1E6EF3BC007BFC13 /* Client+API+Pictogram.swift */ = {isa = PBXFileReference; fileEncoding = 4; lastKnownFileType = sourcecode.swift; path = "Client+API+Pictogram.swift"; sourceTree = "<group>"; };
		ACB493B91E60661D00EF069E /* TEA.app */ = {isa = PBXFileReference; explicitFileType = wrapper.application; includeInIndex = 0; path = TEA.app; sourceTree = BUILT_PRODUCTS_DIR; };
		ACB493BC1E60661D00EF069E /* AppDelegate.swift */ = {isa = PBXFileReference; lastKnownFileType = sourcecode.swift; path = AppDelegate.swift; sourceTree = "<group>"; };
		ACB493C31E60661D00EF069E /* Assets.xcassets */ = {isa = PBXFileReference; lastKnownFileType = folder.assetcatalog; path = Assets.xcassets; sourceTree = "<group>"; };
		ACB493C61E60661D00EF069E /* Base */ = {isa = PBXFileReference; lastKnownFileType = file.storyboard; name = Base; path = Base.lproj/LaunchScreen.storyboard; sourceTree = "<group>"; };
		ACB493C81E60661D00EF069E /* Info.plist */ = {isa = PBXFileReference; lastKnownFileType = text.plist.xml; path = Info.plist; sourceTree = "<group>"; };
		ACB493D31E60668600EF069E /* ImageLoader.framework */ = {isa = PBXFileReference; explicitFileType = wrapper.framework; includeInIndex = 0; path = ImageLoader.framework; sourceTree = BUILT_PRODUCTS_DIR; };
		ACB493D51E60668600EF069E /* ImageLoader.h */ = {isa = PBXFileReference; lastKnownFileType = sourcecode.c.h; path = ImageLoader.h; sourceTree = "<group>"; };
		ACB493D61E60668600EF069E /* Info.plist */ = {isa = PBXFileReference; lastKnownFileType = text.plist.xml; path = Info.plist; sourceTree = "<group>"; };
		ACB493E01E60669700EF069E /* ImageLoader.swift */ = {isa = PBXFileReference; fileEncoding = 4; lastKnownFileType = sourcecode.swift; path = ImageLoader.swift; sourceTree = "<group>"; };
		ACB493E21E6066B000EF069E /* ImageCache.swift */ = {isa = PBXFileReference; fileEncoding = 4; lastKnownFileType = sourcecode.swift; path = ImageCache.swift; sourceTree = "<group>"; };
		ACB493E41E6066F900EF069E /* RemoteImageLoader.swift */ = {isa = PBXFileReference; fileEncoding = 4; lastKnownFileType = sourcecode.swift; path = RemoteImageLoader.swift; sourceTree = "<group>"; };
		ACB493E61E60671000EF069E /* MemoryImageCache.swift */ = {isa = PBXFileReference; fileEncoding = 4; lastKnownFileType = sourcecode.swift; path = MemoryImageCache.swift; sourceTree = "<group>"; };
		ACB493ED1E60675000EF069E /* HTTPFetcher.framework */ = {isa = PBXFileReference; explicitFileType = wrapper.framework; includeInIndex = 0; path = HTTPFetcher.framework; sourceTree = BUILT_PRODUCTS_DIR; };
		ACB493EF1E60675000EF069E /* HTTPFetcher.h */ = {isa = PBXFileReference; lastKnownFileType = sourcecode.c.h; path = HTTPFetcher.h; sourceTree = "<group>"; };
		ACB493F01E60675000EF069E /* Info.plist */ = {isa = PBXFileReference; lastKnownFileType = text.plist.xml; path = Info.plist; sourceTree = "<group>"; };
		ACB493F91E60675C00EF069E /* HTTPFetcher.swift */ = {isa = PBXFileReference; fileEncoding = 4; lastKnownFileType = sourcecode.swift; path = HTTPFetcher.swift; sourceTree = "<group>"; };
		ACB493FB1E60677800EF069E /* URLSession+HTTPFetcher.swift */ = {isa = PBXFileReference; fileEncoding = 4; lastKnownFileType = sourcecode.swift; path = "URLSession+HTTPFetcher.swift"; sourceTree = "<group>"; };
		ACB494021E6067CC00EF069E /* TEAService.framework */ = {isa = PBXFileReference; explicitFileType = wrapper.framework; includeInIndex = 0; path = TEAService.framework; sourceTree = BUILT_PRODUCTS_DIR; };
		ACB494041E6067CD00EF069E /* TEAService.h */ = {isa = PBXFileReference; lastKnownFileType = sourcecode.c.h; path = TEAService.h; sourceTree = "<group>"; };
		ACB494051E6067CD00EF069E /* Info.plist */ = {isa = PBXFileReference; lastKnownFileType = text.plist.xml; path = Info.plist; sourceTree = "<group>"; };
		ACB494111E6067F400EF069E /* Response.swift */ = {isa = PBXFileReference; fileEncoding = 4; lastKnownFileType = sourcecode.swift; path = Response.swift; sourceTree = "<group>"; };
		ACB494131E60680700EF069E /* ArasaacPictogram.swift */ = {isa = PBXFileReference; fileEncoding = 4; lastKnownFileType = sourcecode.swift; path = ArasaacPictogram.swift; sourceTree = "<group>"; };
		ACB494151E60682000EF069E /* JSONDecodable.swift */ = {isa = PBXFileReference; fileEncoding = 4; lastKnownFileType = sourcecode.swift; path = JSONDecodable.swift; sourceTree = "<group>"; };
		ACB494171E60683600EF069E /* Resource.swift */ = {isa = PBXFileReference; fileEncoding = 4; lastKnownFileType = sourcecode.swift; path = Resource.swift; sourceTree = "<group>"; };
		ACB494191E60684600EF069E /* API.swift */ = {isa = PBXFileReference; fileEncoding = 4; lastKnownFileType = sourcecode.swift; path = API.swift; sourceTree = "<group>"; };
		ACB4941B1E60686100EF069E /* Client.swift */ = {isa = PBXFileReference; fileEncoding = 4; lastKnownFileType = sourcecode.swift; path = Client.swift; sourceTree = "<group>"; };
		ACB4941D1E60687A00EF069E /* Client+API.swift */ = {isa = PBXFileReference; fileEncoding = 4; lastKnownFileType = sourcecode.swift; path = "Client+API.swift"; sourceTree = "<group>"; };
		ACB525BD1EAD016800E4D183 /* NameWithImageViewModel.swift */ = {isa = PBXFileReference; fileEncoding = 4; lastKnownFileType = sourcecode.swift; path = NameWithImageViewModel.swift; sourceTree = "<group>"; };
		ACB525BF1EAD055100E4D183 /* papelera.png */ = {isa = PBXFileReference; lastKnownFileType = image.png; path = papelera.png; sourceTree = "<group>"; };
		ACBDEF6F1E9B875B006E072C /* DaySwich.swift */ = {isa = PBXFileReference; fileEncoding = 4; lastKnownFileType = sourcecode.swift; path = DaySwich.swift; sourceTree = "<group>"; };
		ACBDEF761E9CD910006E072C /* NameWithImageViewController.swift */ = {isa = PBXFileReference; fileEncoding = 4; lastKnownFileType = sourcecode.swift; path = NameWithImageViewController.swift; sourceTree = "<group>"; };
		ACBDEF771E9CD910006E072C /* NameWithImageViewController.xib */ = {isa = PBXFileReference; fileEncoding = 4; lastKnownFileType = file.xib; path = NameWithImageViewController.xib; sourceTree = "<group>"; };
		ACBDEF7A1E9CDF60006E072C /* NameWithImageCoordinator.swift */ = {isa = PBXFileReference; fileEncoding = 4; lastKnownFileType = sourcecode.swift; path = NameWithImageCoordinator.swift; sourceTree = "<group>"; };
		ACD452601E68997A00396FC0 /* Pictogram.swift */ = {isa = PBXFileReference; fileEncoding = 4; lastKnownFileType = sourcecode.swift; path = Pictogram.swift; sourceTree = "<group>"; };
		ACD452621E689A2700396FC0 /* Audio.swift */ = {isa = PBXFileReference; fileEncoding = 4; lastKnownFileType = sourcecode.swift; path = Audio.swift; sourceTree = "<group>"; };
		ACD452641E689ACE00396FC0 /* Image.swift */ = {isa = PBXFileReference; fileEncoding = 4; lastKnownFileType = sourcecode.swift; path = Image.swift; sourceTree = "<group>"; };
		ACD452661E689B0D00396FC0 /* Task.swift */ = {isa = PBXFileReference; fileEncoding = 4; lastKnownFileType = sourcecode.swift; path = Task.swift; sourceTree = "<group>"; };
		ACD452681E689E0000396FC0 /* Persistable.swift */ = {isa = PBXFileReference; fileEncoding = 4; lastKnownFileType = sourcecode.swift; path = Persistable.swift; sourceTree = "<group>"; };
		AD219052A51E9BFAB3A06619 /* Pods_TEAService.framework */ = {isa = PBXFileReference; explicitFileType = wrapper.framework; includeInIndex = 0; path = Pods_TEAService.framework; sourceTree = BUILT_PRODUCTS_DIR; };
		CB5F75D6A266E1C9A2DB7C55 /* Pods-ImageLoader.release.xcconfig */ = {isa = PBXFileReference; includeInIndex = 1; lastKnownFileType = text.xcconfig; name = "Pods-ImageLoader.release.xcconfig"; path = "Pods/Target Support Files/Pods-ImageLoader/Pods-ImageLoader.release.xcconfig"; sourceTree = "<group>"; };
/* End PBXFileReference section */

/* Begin PBXFrameworksBuildPhase section */
		AC0EA28B1E6750BE005FA25F /* Frameworks */ = {
			isa = PBXFrameworksBuildPhase;
			buildActionMask = 2147483647;
			files = (
				CC04848EB37B7B538E54248C /* Pods_Container.framework in Frameworks */,
			);
			runOnlyForDeploymentPostprocessing = 0;
		};
		ACB493B61E60661D00EF069E /* Frameworks */ = {
			isa = PBXFrameworksBuildPhase;
			buildActionMask = 2147483647;
			files = (
				ACB493F41E60675000EF069E /* HTTPFetcher.framework in Frameworks */,
				ACB494091E6067CD00EF069E /* TEAService.framework in Frameworks */,
				AC0EA2961E6750BE005FA25F /* Container.framework in Frameworks */,
				ACB493DA1E60668600EF069E /* ImageLoader.framework in Frameworks */,
				83F99842BCC42CB3F8071755 /* Pods_TEA.framework in Frameworks */,
			);
			runOnlyForDeploymentPostprocessing = 0;
		};
		ACB493CF1E60668600EF069E /* Frameworks */ = {
			isa = PBXFrameworksBuildPhase;
			buildActionMask = 2147483647;
			files = (
				1774FD87B5003077B517023E /* Pods_ImageLoader.framework in Frameworks */,
			);
			runOnlyForDeploymentPostprocessing = 0;
		};
		ACB493E91E60675000EF069E /* Frameworks */ = {
			isa = PBXFrameworksBuildPhase;
			buildActionMask = 2147483647;
			files = (
				618B5F1C313E093A8C2DDC7D /* Pods_HTTPFetcher.framework in Frameworks */,
			);
			runOnlyForDeploymentPostprocessing = 0;
		};
		ACB493FE1E6067CC00EF069E /* Frameworks */ = {
			isa = PBXFrameworksBuildPhase;
			buildActionMask = 2147483647;
			files = (
				1F20258D73D7AA90BD45BC0A /* Pods_TEAService.framework in Frameworks */,
			);
			runOnlyForDeploymentPostprocessing = 0;
		};
/* End PBXFrameworksBuildPhase section */

/* Begin PBXGroup section */
		6E734775A7349B8271201573 /* Pods */ = {
			isa = PBXGroup;
			children = (
				25B6B7F68F165224D67A85D9 /* Pods-HTTPFetcher.debug.xcconfig */,
				3078EBF3E7AC8CB4416B0651 /* Pods-HTTPFetcher.release.xcconfig */,
				3965308828AE34E6086023A5 /* Pods-ImageLoader.debug.xcconfig */,
				CB5F75D6A266E1C9A2DB7C55 /* Pods-ImageLoader.release.xcconfig */,
				4587DB408AD7595A90A6C0BE /* Pods-TEA.debug.xcconfig */,
				5C40FCC9F566CD91CE587027 /* Pods-TEA.release.xcconfig */,
				6B5AF472FDB384F09919AB0D /* Pods-TEAService.debug.xcconfig */,
				1D3A6E3AB7163E6B72B7600E /* Pods-TEAService.release.xcconfig */,
				60B95C48CFD07F5AD9D5FF59 /* Pods-Container.debug.xcconfig */,
				11741A8E8FFD8FFB88671037 /* Pods-Container.release.xcconfig */,
			);
			name = Pods;
			sourceTree = "<group>";
		};
		71831B09DC8F6E8F10D9AF35 /* Frameworks */ = {
			isa = PBXGroup;
			children = (
				7785A144F19F5A518A64F118 /* Pods_HTTPFetcher.framework */,
				983ACC85A508FF5C9963DA96 /* Pods_ImageLoader.framework */,
				6A359515BC8D89DB70255039 /* Pods_TEA.framework */,
				AD219052A51E9BFAB3A06619 /* Pods_TEAService.framework */,
				9FCEDFBF61A68379B751567E /* Pods_Container.framework */,
			);
			name = Frameworks;
			sourceTree = "<group>";
		};
		AC020E321EAF3F77000783E8 /* NameWithImagePairs */ = {
			isa = PBXGroup;
			children = (
				ACBDEF7A1E9CDF60006E072C /* NameWithImageCoordinator.swift */,
				ACBDEF761E9CD910006E072C /* NameWithImageViewController.swift */,
				ACBDEF771E9CD910006E072C /* NameWithImageViewController.xib */,
				ACB525BD1EAD016800E4D183 /* NameWithImageViewModel.swift */,
			);
			name = NameWithImagePairs;
			sourceTree = "<group>";
		};
		AC0EA2901E6750BE005FA25F /* Container */ = {
			isa = PBXGroup;
			children = (
				AC0EA29E1E675308005FA25F /* Models */,
				AC8441691E698A6D00801CD7 /* Containers */,
				AC0EA2911E6750BE005FA25F /* Container.h */,
				AC0EA2921E6750BE005FA25F /* Info.plist */,
			);
			path = Container;
			sourceTree = "<group>";
		};
		AC0EA29E1E675308005FA25F /* Models */ = {
			isa = PBXGroup;
			children = (
				ACD452681E689E0000396FC0 /* Persistable.swift */,
				AC84417C1E69BF5800801CD7 /* Fetchable.swift */,
				AC0EA2A01E67531A005FA25F /* ValueType */,
				AC0EA29F1E67530E005FA25F /* Managed */,
			);
			name = Models;
			sourceTree = "<group>";
		};
		AC0EA29F1E67530E005FA25F /* Managed */ = {
			isa = PBXGroup;
			children = (
				AC0EA29B1E6750D0005FA25F /* Model.xcdatamodeld */,
				AC0EA2A11E675532005FA25F /* PictogramEntry.swift */,
				AC0EA2A31E6755D1005FA25F /* AudioEntry.swift */,
				AC0EA2A71E67567F005FA25F /* ImageEntry.swift */,
				AC0EA2A91E6756CE005FA25F /* TaskEntry.swift */,
			);
			name = Managed;
			sourceTree = "<group>";
		};
		AC0EA2A01E67531A005FA25F /* ValueType */ = {
			isa = PBXGroup;
			children = (
				ACD452601E68997A00396FC0 /* Pictogram.swift */,
				ACD452621E689A2700396FC0 /* Audio.swift */,
				ACD452641E689ACE00396FC0 /* Image.swift */,
				ACD452661E689B0D00396FC0 /* Task.swift */,
			);
			name = ValueType;
			sourceTree = "<group>";
		};
		AC3CFA131E79934200D87618 /* AddTask */ = {
			isa = PBXGroup;
			children = (
				AC3CFA141E79935800D87618 /* AddTaskCoordinator.swift */,
				AC3CFA181E79939A00D87618 /* AddTaskViewController.swift */,
				AC3CFA191E79939A00D87618 /* AddTaskViewController.xib */,
				AC3CFA161E79935F00D87618 /* AddTaskViewModel.swift */,
			);
			name = AddTask;
			sourceTree = "<group>";
		};
		AC8441691E698A6D00801CD7 /* Containers */ = {
			isa = PBXGroup;
			children = (
				AC84416A1E698A8A00801CD7 /* TemporaryPersistentContainer.swift */,
				AC84416C1E698AA200801CD7 /* ModelContainer.swift */,
				AC84417A1E699F8A00801CD7 /* PictogramContainer.swift */,
				AC84417E1E69CDC200801CD7 /* TaskContainer.swift */,
				AC8441731E698EA000801CD7 /* ModelResults */,
			);
			name = Containers;
			sourceTree = "<group>";
		};
		AC8441731E698EA000801CD7 /* ModelResults */ = {
			isa = PBXGroup;
			children = (
				AC8441711E698CAF00801CD7 /* ModelResultsType.swift */,
				AC8441761E69979600801CD7 /* PictogramResults.swift */,
				AC8441781E69987200801CD7 /* TaskResults.swift */,
			);
			name = ModelResults;
			sourceTree = "<group>";
		};
		AC84418A1E69D63A00801CD7 /* Others */ = {
			isa = PBXGroup;
			children = (
				AC8441901E69D6E100801CD7 /* Coordinator.swift */,
				AC8441911E69D6E100801CD7 /* NibLoadableView.swift */,
				AC8441921E69D6E100801CD7 /* ReusableView.swift */,
				AC8441931E69D6E100801CD7 /* UICollectionView+Additions.swift */,
				AC8441941E69D6E100801CD7 /* UISearchBar+Additions.swift */,
			);
			name = Others;
			sourceTree = "<group>";
		};
		AC84418D1E69D69500801CD7 /* Resources */ = {
			isa = PBXGroup;
			children = (
				AC8E99471EAE78D500C74BBD /* UIView+Inspectable.swift */,
				AC84418E1E69D6D300801CD7 /* Color.swift */,
				AC8E992C1EAE661300C74BBD /* Font.swift */,
			);
			name = Resources;
			sourceTree = "<group>";
		};
		AC84419A1E69D6ED00801CD7 /* Bootstrap */ = {
			isa = PBXGroup;
			children = (
				ACB493BC1E60661D00EF069E /* AppDelegate.swift */,
				AC84419B1E69D70500801CD7 /* AppCoordinator.swift */,
			);
			name = Bootstrap;
			sourceTree = "<group>";
		};
		AC84419D1E69D7ED00801CD7 /* Schedule */ = {
			isa = PBXGroup;
			children = (
				AC8441A71E69E2A000801CD7 /* WeekSchedule */,
				AC8441A61E69E29600801CD7 /* AddTask */,
			);
			name = Schedule;
			sourceTree = "<group>";
		};
		AC8441A61E69E29600801CD7 /* AddTask */ = {
			isa = PBXGroup;
			children = (
				AC3CFA131E79934200D87618 /* AddTask */,
				ACA1EFE21E714FBA007BFC13 /* AddPictogramsToTask */,
				ACA1EFDF1E6EF3BC007BFC13 /* Client+API+Pictogram.swift */,
			);
			name = AddTask;
			sourceTree = "<group>";
		};
		AC8441A71E69E2A000801CD7 /* WeekSchedule */ = {
			isa = PBXGroup;
			children = (
				AC01D3381E94D0B2008D38BB /* ExtendedNavBarView.swift */,
				AC84419E1E69D7FA00801CD7 /* ScheduleCoordinator.swift */,
				AC8441A01E69D86600801CD7 /* ScheduleViewController.swift */,
				AC8441A11E69D86600801CD7 /* ScheduleViewController.xib */,
				AC9BC3601E93E9E700B0842D /* ScheduleViewModel.swift */,
				AC9BC3631E93EB3600B0842D /* Container+Schedule.swift */,
			);
			name = WeekSchedule;
			sourceTree = "<group>";
		};
		AC8E99421EAE666F00C74BBD /* Open Sans Font */ = {
			isa = PBXGroup;
			children = (
				AC8E992E1EAE666700C74BBD /* OpenSans-Bold.ttf */,
				AC8E992F1EAE666700C74BBD /* OpenSans-BoldItalic.ttf */,
				AC8E99301EAE666700C74BBD /* OpenSans-ExtraBold.ttf */,
				AC8E99311EAE666700C74BBD /* OpenSans-ExtraBoldItalic.ttf */,
				AC8E99321EAE666700C74BBD /* OpenSans-Italic.ttf */,
				AC8E99331EAE666700C74BBD /* OpenSans-Light.ttf */,
				AC8E99341EAE666700C74BBD /* OpenSans-LightItalic.ttf */,
				AC8E99351EAE666700C74BBD /* OpenSans-Regular.ttf */,
				AC8E99361EAE666700C74BBD /* OpenSans-Semibold.ttf */,
				AC8E99371EAE666700C74BBD /* OpenSans-SemiboldItalic.ttf */,
			);
			name = "Open Sans Font";
			sourceTree = "<group>";
		};
		ACA1EFD11E6EB121007BFC13 /* Views */ = {
			isa = PBXGroup;
			children = (
				ACA1EFD21E6EB142007BFC13 /* PictogramView.swift */,
				ACA1EFD41E6EB248007BFC13 /* PictogramView.xib */,
				ACA1EFD61E6EB561007BFC13 /* PictogramCell.swift */,
				ACA1EFD71E6EB561007BFC13 /* PictogramCell.xib */,
				ACBDEF6F1E9B875B006E072C /* DaySwich.swift */,
				AC6EA3D61E9F7501006852EF /* GridView.swift */,
				AC8E99431EAE6A6200C74BBD /* TextField.swift */,
				AC8E99451EAE6AB200C74BBD /* TextField.xib */,
			);
			name = Views;
			sourceTree = "<group>";
		};
		ACA1EFE21E714FBA007BFC13 /* AddPictogramsToTask */ = {
			isa = PBXGroup;
			children = (
				AC8441A41E69E29200801CD7 /* AddPictogramsToTaskCoordinator.swift */,
				ACA1EFCA1E6D69A9007BFC13 /* AddPictogramsToTaskViewController.swift */,
				ACA1EFCB1E6D69A9007BFC13 /* AddPictogramsToTaskViewController.xib */,
				ACA1EFCE1E6EA642007BFC13 /* AddPictogramsToTaskViewModel.swift */,
			);
			name = AddPictogramsToTask;
			sourceTree = "<group>";
		};
		ACB493B01E60661D00EF069E = {
			isa = PBXGroup;
			children = (
				ACB493BB1E60661D00EF069E /* TEA */,
				ACB4941F1E6069CF00EF069E /* CustomFrameworks */,
				ACB493BA1E60661D00EF069E /* Products */,
				6E734775A7349B8271201573 /* Pods */,
				71831B09DC8F6E8F10D9AF35 /* Frameworks */,
			);
			sourceTree = "<group>";
		};
		ACB493BA1E60661D00EF069E /* Products */ = {
			isa = PBXGroup;
			children = (
				ACB493B91E60661D00EF069E /* TEA.app */,
				ACB493D31E60668600EF069E /* ImageLoader.framework */,
				ACB493ED1E60675000EF069E /* HTTPFetcher.framework */,
				ACB494021E6067CC00EF069E /* TEAService.framework */,
				AC0EA28F1E6750BE005FA25F /* Container.framework */,
			);
			name = Products;
			sourceTree = "<group>";
		};
		ACB493BB1E60661D00EF069E /* TEA */ = {
			isa = PBXGroup;
			children = (
				AC8E99421EAE666F00C74BBD /* Open Sans Font */,
				ACA1EFDB1E6ED5CC007BFC13 /* camera.png */,
				AC9BC3651E9410DC00B0842D /* prueba.png */,
				ACB525BF1EAD055100E4D183 /* papelera.png */,
				AC84419A1E69D6ED00801CD7 /* Bootstrap */,
				ACA1EFD11E6EB121007BFC13 /* Views */,
				ACBDEF751E9CD8DC006E072C /* Controllers */,
				AC84418A1E69D63A00801CD7 /* Others */,
				AC84418D1E69D69500801CD7 /* Resources */,
				ACB493C31E60661D00EF069E /* Assets.xcassets */,
				ACB493C51E60661D00EF069E /* LaunchScreen.storyboard */,
				ACB493C81E60661D00EF069E /* Info.plist */,
			);
			path = TEA;
			sourceTree = "<group>";
		};
		ACB493D41E60668600EF069E /* ImageLoader */ = {
			isa = PBXGroup;
			children = (
				ACB493D51E60668600EF069E /* ImageLoader.h */,
				ACB493D61E60668600EF069E /* Info.plist */,
				ACB493E01E60669700EF069E /* ImageLoader.swift */,
				ACB493E21E6066B000EF069E /* ImageCache.swift */,
				ACB493E41E6066F900EF069E /* RemoteImageLoader.swift */,
				ACB493E61E60671000EF069E /* MemoryImageCache.swift */,
			);
			path = ImageLoader;
			sourceTree = "<group>";
		};
		ACB493EE1E60675000EF069E /* HTTPFetcher */ = {
			isa = PBXGroup;
			children = (
				ACB493EF1E60675000EF069E /* HTTPFetcher.h */,
				ACB493F01E60675000EF069E /* Info.plist */,
				ACB493F91E60675C00EF069E /* HTTPFetcher.swift */,
				ACB493FB1E60677800EF069E /* URLSession+HTTPFetcher.swift */,
			);
			path = HTTPFetcher;
			sourceTree = "<group>";
		};
		ACB494031E6067CD00EF069E /* TEAService */ = {
			isa = PBXGroup;
			children = (
				ACB4940F1E6067E100EF069E /* Models */,
				ACB494101E6067E600EF069E /* Core */,
				ACB494041E6067CD00EF069E /* TEAService.h */,
				ACB494051E6067CD00EF069E /* Info.plist */,
			);
			path = TEAService;
			sourceTree = "<group>";
		};
		ACB4940F1E6067E100EF069E /* Models */ = {
			isa = PBXGroup;
			children = (
				ACB494111E6067F400EF069E /* Response.swift */,
				ACB494131E60680700EF069E /* ArasaacPictogram.swift */,
			);
			name = Models;
			sourceTree = "<group>";
		};
		ACB494101E6067E600EF069E /* Core */ = {
			isa = PBXGroup;
			children = (
				ACB494151E60682000EF069E /* JSONDecodable.swift */,
				ACB494171E60683600EF069E /* Resource.swift */,
				ACB494191E60684600EF069E /* API.swift */,
				ACB4941B1E60686100EF069E /* Client.swift */,
				ACB4941D1E60687A00EF069E /* Client+API.swift */,
			);
			name = Core;
			sourceTree = "<group>";
		};
		ACB4941F1E6069CF00EF069E /* CustomFrameworks */ = {
			isa = PBXGroup;
			children = (
				AC0EA2901E6750BE005FA25F /* Container */,
				ACB493D41E60668600EF069E /* ImageLoader */,
				ACB493EE1E60675000EF069E /* HTTPFetcher */,
				ACB494031E6067CD00EF069E /* TEAService */,
			);
			name = CustomFrameworks;
			sourceTree = "<group>";
		};
		ACBDEF741E9CD8CE006E072C /* Activities */ = {
			isa = PBXGroup;
			children = (
				AC020E331EAF3F95000783E8 /* AddPictogramsCoordinator.swift */,
				AC020E351EAF3FA5000783E8 /* AddPictogramsViewController.swift */,
				AC020E361EAF3FA5000783E8 /* AddPictogramsViewController.xib */,
				AC020E391EAF3FB0000783E8 /* AddPictogramsViewModel.swift */,
				AC020E321EAF3F77000783E8 /* NameWithImagePairs */,
			);
			name = Activities;
			sourceTree = "<group>";
		};
		ACBDEF751E9CD8DC006E072C /* Controllers */ = {
			isa = PBXGroup;
			children = (
				AC84419D1E69D7ED00801CD7 /* Schedule */,
				ACBDEF741E9CD8CE006E072C /* Activities */,
			);
			name = Controllers;
			sourceTree = "<group>";
		};
/* End PBXGroup section */

/* Begin PBXHeadersBuildPhase section */
		AC0EA28C1E6750BE005FA25F /* Headers */ = {
			isa = PBXHeadersBuildPhase;
			buildActionMask = 2147483647;
			files = (
				AC0EA2931E6750BE005FA25F /* Container.h in Headers */,
			);
			runOnlyForDeploymentPostprocessing = 0;
		};
		ACB493D01E60668600EF069E /* Headers */ = {
			isa = PBXHeadersBuildPhase;
			buildActionMask = 2147483647;
			files = (
				ACB493D71E60668600EF069E /* ImageLoader.h in Headers */,
			);
			runOnlyForDeploymentPostprocessing = 0;
		};
		ACB493EA1E60675000EF069E /* Headers */ = {
			isa = PBXHeadersBuildPhase;
			buildActionMask = 2147483647;
			files = (
				ACB493F11E60675000EF069E /* HTTPFetcher.h in Headers */,
			);
			runOnlyForDeploymentPostprocessing = 0;
		};
		ACB493FF1E6067CC00EF069E /* Headers */ = {
			isa = PBXHeadersBuildPhase;
			buildActionMask = 2147483647;
			files = (
				ACB494061E6067CD00EF069E /* TEAService.h in Headers */,
			);
			runOnlyForDeploymentPostprocessing = 0;
		};
/* End PBXHeadersBuildPhase section */

/* Begin PBXNativeTarget section */
		AC0EA28E1E6750BE005FA25F /* Container */ = {
			isa = PBXNativeTarget;
			buildConfigurationList = AC0EA29A1E6750BE005FA25F /* Build configuration list for PBXNativeTarget "Container" */;
			buildPhases = (
				D054F7F8045A83DA7F7960F3 /* [CP] Check Pods Manifest.lock */,
				AC0EA28A1E6750BE005FA25F /* Sources */,
				AC0EA28B1E6750BE005FA25F /* Frameworks */,
				AC0EA28C1E6750BE005FA25F /* Headers */,
				AC0EA28D1E6750BE005FA25F /* Resources */,
				AD5DD2CE3A0095C662D01741 /* [CP] Copy Pods Resources */,
			);
			buildRules = (
			);
			dependencies = (
			);
			name = Container;
			productName = Container;
			productReference = AC0EA28F1E6750BE005FA25F /* Container.framework */;
			productType = "com.apple.product-type.framework";
		};
		ACB493B81E60661D00EF069E /* TEA */ = {
			isa = PBXNativeTarget;
			buildConfigurationList = ACB493CB1E60661D00EF069E /* Build configuration list for PBXNativeTarget "TEA" */;
			buildPhases = (
				7075A411E09BFB32A8730A51 /* [CP] Check Pods Manifest.lock */,
				ACB493B51E60661D00EF069E /* Sources */,
				ACB493B61E60661D00EF069E /* Frameworks */,
				ACB493B71E60661D00EF069E /* Resources */,
				ACB493DF1E60668600EF069E /* Embed Frameworks */,
				5026D4FDE8AF45D08E7487CE /* [CP] Embed Pods Frameworks */,
				E61ED96FE27D15BFF9B9AD39 /* [CP] Copy Pods Resources */,
			);
			buildRules = (
			);
			dependencies = (
				ACB493D91E60668600EF069E /* PBXTargetDependency */,
				ACB493F31E60675000EF069E /* PBXTargetDependency */,
				ACB494081E6067CD00EF069E /* PBXTargetDependency */,
				AC0EA2951E6750BE005FA25F /* PBXTargetDependency */,
			);
			name = TEA;
			productName = TEA;
			productReference = ACB493B91E60661D00EF069E /* TEA.app */;
			productType = "com.apple.product-type.application";
		};
		ACB493D21E60668600EF069E /* ImageLoader */ = {
			isa = PBXNativeTarget;
			buildConfigurationList = ACB493DC1E60668600EF069E /* Build configuration list for PBXNativeTarget "ImageLoader" */;
			buildPhases = (
				6E7729FF4E962FDBD37D317C /* [CP] Check Pods Manifest.lock */,
				ACB493CE1E60668600EF069E /* Sources */,
				ACB493CF1E60668600EF069E /* Frameworks */,
				ACB493D01E60668600EF069E /* Headers */,
				ACB493D11E60668600EF069E /* Resources */,
				AC4826E1CE66D43A3E7E7F08 /* [CP] Copy Pods Resources */,
			);
			buildRules = (
			);
			dependencies = (
			);
			name = ImageLoader;
			productName = ImageLoader;
			productReference = ACB493D31E60668600EF069E /* ImageLoader.framework */;
			productType = "com.apple.product-type.framework";
		};
		ACB493EC1E60675000EF069E /* HTTPFetcher */ = {
			isa = PBXNativeTarget;
			buildConfigurationList = ACB493F61E60675000EF069E /* Build configuration list for PBXNativeTarget "HTTPFetcher" */;
			buildPhases = (
				959A066F731D0976116C98F0 /* [CP] Check Pods Manifest.lock */,
				ACB493E81E60675000EF069E /* Sources */,
				ACB493E91E60675000EF069E /* Frameworks */,
				ACB493EA1E60675000EF069E /* Headers */,
				ACB493EB1E60675000EF069E /* Resources */,
				ED8D5C9D1DFF29BC8D88B835 /* [CP] Copy Pods Resources */,
			);
			buildRules = (
			);
			dependencies = (
			);
			name = HTTPFetcher;
			productName = HTTPFetcher;
			productReference = ACB493ED1E60675000EF069E /* HTTPFetcher.framework */;
			productType = "com.apple.product-type.framework";
		};
		ACB494011E6067CC00EF069E /* TEAService */ = {
			isa = PBXNativeTarget;
			buildConfigurationList = ACB4940B1E6067CD00EF069E /* Build configuration list for PBXNativeTarget "TEAService" */;
			buildPhases = (
				9B810A5BF443438AD03C5B60 /* [CP] Check Pods Manifest.lock */,
				ACB493FD1E6067CC00EF069E /* Sources */,
				ACB493FE1E6067CC00EF069E /* Frameworks */,
				ACB493FF1E6067CC00EF069E /* Headers */,
				ACB494001E6067CC00EF069E /* Resources */,
				157BFB0D9EE5C8B37C2ECA23 /* [CP] Copy Pods Resources */,
			);
			buildRules = (
			);
			dependencies = (
			);
			name = TEAService;
			productName = TEAService;
			productReference = ACB494021E6067CC00EF069E /* TEAService.framework */;
			productType = "com.apple.product-type.framework";
		};
/* End PBXNativeTarget section */

/* Begin PBXProject section */
		ACB493B11E60661D00EF069E /* Project object */ = {
			isa = PBXProject;
			attributes = {
				LastSwiftUpdateCheck = 0820;
				LastUpgradeCheck = 0820;
				ORGANIZATIONNAME = "Alexandre Freire García";
				TargetAttributes = {
					AC0EA28E1E6750BE005FA25F = {
						CreatedOnToolsVersion = 8.2.1;
						DevelopmentTeam = 8LNA9LB2Y8;
						LastSwiftMigration = 0820;
						ProvisioningStyle = Automatic;
					};
					ACB493B81E60661D00EF069E = {
						CreatedOnToolsVersion = 8.2.1;
						DevelopmentTeam = 8LNA9LB2Y8;
						ProvisioningStyle = Automatic;
					};
					ACB493D21E60668600EF069E = {
						CreatedOnToolsVersion = 8.2.1;
						DevelopmentTeam = 8LNA9LB2Y8;
						LastSwiftMigration = 0820;
						ProvisioningStyle = Automatic;
					};
					ACB493EC1E60675000EF069E = {
						CreatedOnToolsVersion = 8.2.1;
						DevelopmentTeam = 8LNA9LB2Y8;
						LastSwiftMigration = 0820;
						ProvisioningStyle = Automatic;
					};
					ACB494011E6067CC00EF069E = {
						CreatedOnToolsVersion = 8.2.1;
						DevelopmentTeam = 8LNA9LB2Y8;
						LastSwiftMigration = 0820;
						ProvisioningStyle = Automatic;
					};
				};
			};
			buildConfigurationList = ACB493B41E60661D00EF069E /* Build configuration list for PBXProject "TEA" */;
			compatibilityVersion = "Xcode 3.2";
			developmentRegion = English;
			hasScannedForEncodings = 0;
			knownRegions = (
				en,
				Base,
			);
			mainGroup = ACB493B01E60661D00EF069E;
			productRefGroup = ACB493BA1E60661D00EF069E /* Products */;
			projectDirPath = "";
			projectRoot = "";
			targets = (
				ACB493B81E60661D00EF069E /* TEA */,
				ACB493D21E60668600EF069E /* ImageLoader */,
				ACB493EC1E60675000EF069E /* HTTPFetcher */,
				ACB494011E6067CC00EF069E /* TEAService */,
				AC0EA28E1E6750BE005FA25F /* Container */,
			);
		};
/* End PBXProject section */

/* Begin PBXResourcesBuildPhase section */
		AC0EA28D1E6750BE005FA25F /* Resources */ = {
			isa = PBXResourcesBuildPhase;
			buildActionMask = 2147483647;
			files = (
			);
			runOnlyForDeploymentPostprocessing = 0;
		};
		ACB493B71E60661D00EF069E /* Resources */ = {
			isa = PBXResourcesBuildPhase;
			buildActionMask = 2147483647;
			files = (
				ACA1EFD51E6EB248007BFC13 /* PictogramView.xib in Resources */,
				ACBDEF791E9CD910006E072C /* NameWithImageViewController.xib in Resources */,
				AC8E99381EAE666700C74BBD /* OpenSans-Bold.ttf in Resources */,
				ACB525C01EAD055100E4D183 /* papelera.png in Resources */,
				AC8E99401EAE666700C74BBD /* OpenSans-Semibold.ttf in Resources */,
				AC8E993D1EAE666700C74BBD /* OpenSans-Light.ttf in Resources */,
				ACA1EFDC1E6ED5CC007BFC13 /* camera.png in Resources */,
				AC8441A31E69D86600801CD7 /* ScheduleViewController.xib in Resources */,
				ACA1EFCD1E6D69A9007BFC13 /* AddPictogramsToTaskViewController.xib in Resources */,
				AC8E993E1EAE666700C74BBD /* OpenSans-LightItalic.ttf in Resources */,
				AC8E99411EAE666700C74BBD /* OpenSans-SemiboldItalic.ttf in Resources */,
				AC8E993B1EAE666700C74BBD /* OpenSans-ExtraBoldItalic.ttf in Resources */,
				AC8E993F1EAE666700C74BBD /* OpenSans-Regular.ttf in Resources */,
				ACB493C71E60661D00EF069E /* LaunchScreen.storyboard in Resources */,
				AC8E993C1EAE666700C74BBD /* OpenSans-Italic.ttf in Resources */,
				AC8E99391EAE666700C74BBD /* OpenSans-BoldItalic.ttf in Resources */,
				AC020E381EAF3FA5000783E8 /* AddPictogramsViewController.xib in Resources */,
				AC8E993A1EAE666700C74BBD /* OpenSans-ExtraBold.ttf in Resources */,
				AC3CFA1B1E79939A00D87618 /* AddTaskViewController.xib in Resources */,
				AC9BC3661E9410DC00B0842D /* prueba.png in Resources */,
				AC8E99461EAE6AB200C74BBD /* TextField.xib in Resources */,
				ACA1EFD91E6EB561007BFC13 /* PictogramCell.xib in Resources */,
				ACB493C41E60661D00EF069E /* Assets.xcassets in Resources */,
			);
			runOnlyForDeploymentPostprocessing = 0;
		};
		ACB493D11E60668600EF069E /* Resources */ = {
			isa = PBXResourcesBuildPhase;
			buildActionMask = 2147483647;
			files = (
			);
			runOnlyForDeploymentPostprocessing = 0;
		};
		ACB493EB1E60675000EF069E /* Resources */ = {
			isa = PBXResourcesBuildPhase;
			buildActionMask = 2147483647;
			files = (
			);
			runOnlyForDeploymentPostprocessing = 0;
		};
		ACB494001E6067CC00EF069E /* Resources */ = {
			isa = PBXResourcesBuildPhase;
			buildActionMask = 2147483647;
			files = (
			);
			runOnlyForDeploymentPostprocessing = 0;
		};
/* End PBXResourcesBuildPhase section */

/* Begin PBXShellScriptBuildPhase section */
		157BFB0D9EE5C8B37C2ECA23 /* [CP] Copy Pods Resources */ = {
			isa = PBXShellScriptBuildPhase;
			buildActionMask = 2147483647;
			files = (
			);
			inputPaths = (
			);
			name = "[CP] Copy Pods Resources";
			outputPaths = (
			);
			runOnlyForDeploymentPostprocessing = 0;
			shellPath = /bin/sh;
			shellScript = "\"${SRCROOT}/Pods/Target Support Files/Pods-TEAService/Pods-TEAService-resources.sh\"\n";
			showEnvVarsInLog = 0;
		};
		5026D4FDE8AF45D08E7487CE /* [CP] Embed Pods Frameworks */ = {
			isa = PBXShellScriptBuildPhase;
			buildActionMask = 2147483647;
			files = (
			);
			inputPaths = (
			);
			name = "[CP] Embed Pods Frameworks";
			outputPaths = (
			);
			runOnlyForDeploymentPostprocessing = 0;
			shellPath = /bin/sh;
			shellScript = "\"${SRCROOT}/Pods/Target Support Files/Pods-TEA/Pods-TEA-frameworks.sh\"\n";
			showEnvVarsInLog = 0;
		};
		6E7729FF4E962FDBD37D317C /* [CP] Check Pods Manifest.lock */ = {
			isa = PBXShellScriptBuildPhase;
			buildActionMask = 2147483647;
			files = (
			);
			inputPaths = (
			);
			name = "[CP] Check Pods Manifest.lock";
			outputPaths = (
			);
			runOnlyForDeploymentPostprocessing = 0;
			shellPath = /bin/sh;
			shellScript = "diff \"${PODS_ROOT}/../Podfile.lock\" \"${PODS_ROOT}/Manifest.lock\" > /dev/null\nif [ $? != 0 ] ; then\n    # print error to STDERR\n    echo \"error: The sandbox is not in sync with the Podfile.lock. Run 'pod install' or update your CocoaPods installation.\" >&2\n    exit 1\nfi\n";
			showEnvVarsInLog = 0;
		};
		7075A411E09BFB32A8730A51 /* [CP] Check Pods Manifest.lock */ = {
			isa = PBXShellScriptBuildPhase;
			buildActionMask = 2147483647;
			files = (
			);
			inputPaths = (
			);
			name = "[CP] Check Pods Manifest.lock";
			outputPaths = (
			);
			runOnlyForDeploymentPostprocessing = 0;
			shellPath = /bin/sh;
			shellScript = "diff \"${PODS_ROOT}/../Podfile.lock\" \"${PODS_ROOT}/Manifest.lock\" > /dev/null\nif [ $? != 0 ] ; then\n    # print error to STDERR\n    echo \"error: The sandbox is not in sync with the Podfile.lock. Run 'pod install' or update your CocoaPods installation.\" >&2\n    exit 1\nfi\n";
			showEnvVarsInLog = 0;
		};
		959A066F731D0976116C98F0 /* [CP] Check Pods Manifest.lock */ = {
			isa = PBXShellScriptBuildPhase;
			buildActionMask = 2147483647;
			files = (
			);
			inputPaths = (
			);
			name = "[CP] Check Pods Manifest.lock";
			outputPaths = (
			);
			runOnlyForDeploymentPostprocessing = 0;
			shellPath = /bin/sh;
			shellScript = "diff \"${PODS_ROOT}/../Podfile.lock\" \"${PODS_ROOT}/Manifest.lock\" > /dev/null\nif [ $? != 0 ] ; then\n    # print error to STDERR\n    echo \"error: The sandbox is not in sync with the Podfile.lock. Run 'pod install' or update your CocoaPods installation.\" >&2\n    exit 1\nfi\n";
			showEnvVarsInLog = 0;
		};
		9B810A5BF443438AD03C5B60 /* [CP] Check Pods Manifest.lock */ = {
			isa = PBXShellScriptBuildPhase;
			buildActionMask = 2147483647;
			files = (
			);
			inputPaths = (
			);
			name = "[CP] Check Pods Manifest.lock";
			outputPaths = (
			);
			runOnlyForDeploymentPostprocessing = 0;
			shellPath = /bin/sh;
			shellScript = "diff \"${PODS_ROOT}/../Podfile.lock\" \"${PODS_ROOT}/Manifest.lock\" > /dev/null\nif [ $? != 0 ] ; then\n    # print error to STDERR\n    echo \"error: The sandbox is not in sync with the Podfile.lock. Run 'pod install' or update your CocoaPods installation.\" >&2\n    exit 1\nfi\n";
			showEnvVarsInLog = 0;
		};
		AC4826E1CE66D43A3E7E7F08 /* [CP] Copy Pods Resources */ = {
			isa = PBXShellScriptBuildPhase;
			buildActionMask = 2147483647;
			files = (
			);
			inputPaths = (
			);
			name = "[CP] Copy Pods Resources";
			outputPaths = (
			);
			runOnlyForDeploymentPostprocessing = 0;
			shellPath = /bin/sh;
			shellScript = "\"${SRCROOT}/Pods/Target Support Files/Pods-ImageLoader/Pods-ImageLoader-resources.sh\"\n";
			showEnvVarsInLog = 0;
		};
		AD5DD2CE3A0095C662D01741 /* [CP] Copy Pods Resources */ = {
			isa = PBXShellScriptBuildPhase;
			buildActionMask = 2147483647;
			files = (
			);
			inputPaths = (
			);
			name = "[CP] Copy Pods Resources";
			outputPaths = (
			);
			runOnlyForDeploymentPostprocessing = 0;
			shellPath = /bin/sh;
			shellScript = "\"${SRCROOT}/Pods/Target Support Files/Pods-Container/Pods-Container-resources.sh\"\n";
			showEnvVarsInLog = 0;
		};
		D054F7F8045A83DA7F7960F3 /* [CP] Check Pods Manifest.lock */ = {
			isa = PBXShellScriptBuildPhase;
			buildActionMask = 2147483647;
			files = (
			);
			inputPaths = (
			);
			name = "[CP] Check Pods Manifest.lock";
			outputPaths = (
			);
			runOnlyForDeploymentPostprocessing = 0;
			shellPath = /bin/sh;
			shellScript = "diff \"${PODS_ROOT}/../Podfile.lock\" \"${PODS_ROOT}/Manifest.lock\" > /dev/null\nif [ $? != 0 ] ; then\n    # print error to STDERR\n    echo \"error: The sandbox is not in sync with the Podfile.lock. Run 'pod install' or update your CocoaPods installation.\" >&2\n    exit 1\nfi\n";
			showEnvVarsInLog = 0;
		};
		E61ED96FE27D15BFF9B9AD39 /* [CP] Copy Pods Resources */ = {
			isa = PBXShellScriptBuildPhase;
			buildActionMask = 2147483647;
			files = (
			);
			inputPaths = (
			);
			name = "[CP] Copy Pods Resources";
			outputPaths = (
			);
			runOnlyForDeploymentPostprocessing = 0;
			shellPath = /bin/sh;
			shellScript = "\"${SRCROOT}/Pods/Target Support Files/Pods-TEA/Pods-TEA-resources.sh\"\n";
			showEnvVarsInLog = 0;
		};
		ED8D5C9D1DFF29BC8D88B835 /* [CP] Copy Pods Resources */ = {
			isa = PBXShellScriptBuildPhase;
			buildActionMask = 2147483647;
			files = (
			);
			inputPaths = (
			);
			name = "[CP] Copy Pods Resources";
			outputPaths = (
			);
			runOnlyForDeploymentPostprocessing = 0;
			shellPath = /bin/sh;
			shellScript = "\"${SRCROOT}/Pods/Target Support Files/Pods-HTTPFetcher/Pods-HTTPFetcher-resources.sh\"\n";
			showEnvVarsInLog = 0;
		};
/* End PBXShellScriptBuildPhase section */

/* Begin PBXSourcesBuildPhase section */
		AC0EA28A1E6750BE005FA25F /* Sources */ = {
			isa = PBXSourcesBuildPhase;
			buildActionMask = 2147483647;
			files = (
				ACD4526C1E689E7200396FC0 /* Audio.swift in Sources */,
				AC8441791E69987200801CD7 /* TaskResults.swift in Sources */,
				ACD4526D1E689E7500396FC0 /* Image.swift in Sources */,
				AC8441771E69979600801CD7 /* PictogramResults.swift in Sources */,
				ACD4526E1E689E7800396FC0 /* Task.swift in Sources */,
				ACD4526A1E689E6900396FC0 /* Persistable.swift in Sources */,
				AC0EA2A81E67567F005FA25F /* ImageEntry.swift in Sources */,
				ACD4526B1E689E6E00396FC0 /* Pictogram.swift in Sources */,
				AC0EA29D1E6750D0005FA25F /* Model.xcdatamodeld in Sources */,
				AC8441701E698BEA00801CD7 /* ModelContainer.swift in Sources */,
				AC0EA2A41E6755D1005FA25F /* AudioEntry.swift in Sources */,
				AC0EA2AA1E6756CE005FA25F /* TaskEntry.swift in Sources */,
				AC84417B1E699F8A00801CD7 /* PictogramContainer.swift in Sources */,
				AC84417D1E69BF5800801CD7 /* Fetchable.swift in Sources */,
				AC84416F1E698BE700801CD7 /* TemporaryPersistentContainer.swift in Sources */,
				AC8441721E698CAF00801CD7 /* ModelResultsType.swift in Sources */,
				AC84417F1E69CDC200801CD7 /* TaskContainer.swift in Sources */,
				AC0EA2A21E675532005FA25F /* PictogramEntry.swift in Sources */,
			);
			runOnlyForDeploymentPostprocessing = 0;
		};
		ACB493B51E60661D00EF069E /* Sources */ = {
			isa = PBXSourcesBuildPhase;
			buildActionMask = 2147483647;
			files = (
				AC8441951E69D6E100801CD7 /* Coordinator.swift in Sources */,
				ACB525BE1EAD016800E4D183 /* NameWithImageViewModel.swift in Sources */,
				AC3CFA171E79935F00D87618 /* AddTaskViewModel.swift in Sources */,
				ACBDEF7B1E9CDF60006E072C /* NameWithImageCoordinator.swift in Sources */,
				ACA1EFD31E6EB142007BFC13 /* PictogramView.swift in Sources */,
				AC9BC3611E93E9E700B0842D /* ScheduleViewModel.swift in Sources */,
				AC3CFA1A1E79939A00D87618 /* AddTaskViewController.swift in Sources */,
				AC8E99481EAE78D500C74BBD /* UIView+Inspectable.swift in Sources */,
				ACA1EFCC1E6D69A9007BFC13 /* AddPictogramsToTaskViewController.swift in Sources */,
				ACA1EFCF1E6EA642007BFC13 /* AddPictogramsToTaskViewModel.swift in Sources */,
				AC8441991E69D6E100801CD7 /* UISearchBar+Additions.swift in Sources */,
				AC8441961E69D6E100801CD7 /* NibLoadableView.swift in Sources */,
				AC8441971E69D6E100801CD7 /* ReusableView.swift in Sources */,
				AC9BC3641E93EB3600B0842D /* Container+Schedule.swift in Sources */,
				ACBDEF701E9B875B006E072C /* DaySwich.swift in Sources */,
				AC84419F1E69D7FA00801CD7 /* ScheduleCoordinator.swift in Sources */,
				AC8441A51E69E29200801CD7 /* AddPictogramsToTaskCoordinator.swift in Sources */,
				AC8E992D1EAE661300C74BBD /* Font.swift in Sources */,
				ACB493BD1E60661D00EF069E /* AppDelegate.swift in Sources */,
				AC6EA3D71E9F7501006852EF /* GridView.swift in Sources */,
				ACA1EFE11E6EF751007BFC13 /* Client+API+Pictogram.swift in Sources */,
				AC84419C1E69D70500801CD7 /* AppCoordinator.swift in Sources */,
				ACBDEF781E9CD910006E072C /* NameWithImageViewController.swift in Sources */,
				AC020E371EAF3FA5000783E8 /* AddPictogramsViewController.swift in Sources */,
				AC8E99441EAE6A6200C74BBD /* TextField.swift in Sources */,
				AC8441981E69D6E100801CD7 /* UICollectionView+Additions.swift in Sources */,
				ACA1EFD81E6EB561007BFC13 /* PictogramCell.swift in Sources */,
				AC020E3A1EAF3FB0000783E8 /* AddPictogramsViewModel.swift in Sources */,
				AC8441A21E69D86600801CD7 /* ScheduleViewController.swift in Sources */,
				AC01D3391E94D0B2008D38BB /* ExtendedNavBarView.swift in Sources */,
				AC020E341EAF3F95000783E8 /* AddPictogramsCoordinator.swift in Sources */,
				AC3CFA151E79935800D87618 /* AddTaskCoordinator.swift in Sources */,
				AC84418F1E69D6D300801CD7 /* Color.swift in Sources */,
			);
			runOnlyForDeploymentPostprocessing = 0;
		};
		ACB493CE1E60668600EF069E /* Sources */ = {
			isa = PBXSourcesBuildPhase;
			buildActionMask = 2147483647;
			files = (
				ACB493E51E6066F900EF069E /* RemoteImageLoader.swift in Sources */,
				ACB493E71E60671000EF069E /* MemoryImageCache.swift in Sources */,
				ACB493E31E6066B000EF069E /* ImageCache.swift in Sources */,
				ACB493E11E60669700EF069E /* ImageLoader.swift in Sources */,
			);
			runOnlyForDeploymentPostprocessing = 0;
		};
		ACB493E81E60675000EF069E /* Sources */ = {
			isa = PBXSourcesBuildPhase;
			buildActionMask = 2147483647;
			files = (
				ACB493FC1E60677800EF069E /* URLSession+HTTPFetcher.swift in Sources */,
				ACB493FA1E60675C00EF069E /* HTTPFetcher.swift in Sources */,
			);
			runOnlyForDeploymentPostprocessing = 0;
		};
		ACB493FD1E6067CC00EF069E /* Sources */ = {
			isa = PBXSourcesBuildPhase;
			buildActionMask = 2147483647;
			files = (
				ACB494161E60682000EF069E /* JSONDecodable.swift in Sources */,
				ACB4941E1E60687A00EF069E /* Client+API.swift in Sources */,
				ACB494181E60683600EF069E /* Resource.swift in Sources */,
				ACB4941C1E60686100EF069E /* Client.swift in Sources */,
				ACB494121E6067F400EF069E /* Response.swift in Sources */,
				ACB494141E60680700EF069E /* ArasaacPictogram.swift in Sources */,
				ACB4941A1E60684600EF069E /* API.swift in Sources */,
			);
			runOnlyForDeploymentPostprocessing = 0;
		};
/* End PBXSourcesBuildPhase section */

/* Begin PBXTargetDependency section */
		AC0EA2951E6750BE005FA25F /* PBXTargetDependency */ = {
			isa = PBXTargetDependency;
			target = AC0EA28E1E6750BE005FA25F /* Container */;
			targetProxy = AC0EA2941E6750BE005FA25F /* PBXContainerItemProxy */;
		};
		ACB493D91E60668600EF069E /* PBXTargetDependency */ = {
			isa = PBXTargetDependency;
			target = ACB493D21E60668600EF069E /* ImageLoader */;
			targetProxy = ACB493D81E60668600EF069E /* PBXContainerItemProxy */;
		};
		ACB493F31E60675000EF069E /* PBXTargetDependency */ = {
			isa = PBXTargetDependency;
			target = ACB493EC1E60675000EF069E /* HTTPFetcher */;
			targetProxy = ACB493F21E60675000EF069E /* PBXContainerItemProxy */;
		};
		ACB494081E6067CD00EF069E /* PBXTargetDependency */ = {
			isa = PBXTargetDependency;
			target = ACB494011E6067CC00EF069E /* TEAService */;
			targetProxy = ACB494071E6067CD00EF069E /* PBXContainerItemProxy */;
		};
/* End PBXTargetDependency section */

/* Begin PBXVariantGroup section */
		ACB493C51E60661D00EF069E /* LaunchScreen.storyboard */ = {
			isa = PBXVariantGroup;
			children = (
				ACB493C61E60661D00EF069E /* Base */,
			);
			name = LaunchScreen.storyboard;
			sourceTree = "<group>";
		};
/* End PBXVariantGroup section */

/* Begin XCBuildConfiguration section */
		AC0EA2981E6750BE005FA25F /* Debug */ = {
			isa = XCBuildConfiguration;
			baseConfigurationReference = 60B95C48CFD07F5AD9D5FF59 /* Pods-Container.debug.xcconfig */;
			buildSettings = {
				CLANG_ENABLE_MODULES = YES;
				CODE_SIGN_IDENTITY = "";
				CURRENT_PROJECT_VERSION = 1;
				DEFINES_MODULE = YES;
				DEVELOPMENT_TEAM = 8LNA9LB2Y8;
				DYLIB_COMPATIBILITY_VERSION = 1;
				DYLIB_CURRENT_VERSION = 1;
				DYLIB_INSTALL_NAME_BASE = "@rpath";
				INFOPLIST_FILE = Container/Info.plist;
				INSTALL_PATH = "$(LOCAL_LIBRARY_DIR)/Frameworks";
				LD_RUNPATH_SEARCH_PATHS = "$(inherited) @executable_path/Frameworks @loader_path/Frameworks";
				PRODUCT_BUNDLE_IDENTIFIER = com.alexandrefreire.Container;
				PRODUCT_NAME = "$(TARGET_NAME)";
				SKIP_INSTALL = YES;
				SWIFT_OPTIMIZATION_LEVEL = "-Onone";
				SWIFT_VERSION = 3.0;
				TARGETED_DEVICE_FAMILY = "1,2";
				VERSIONING_SYSTEM = "apple-generic";
				VERSION_INFO_PREFIX = "";
			};
			name = Debug;
		};
		AC0EA2991E6750BE005FA25F /* Release */ = {
			isa = XCBuildConfiguration;
			baseConfigurationReference = 11741A8E8FFD8FFB88671037 /* Pods-Container.release.xcconfig */;
			buildSettings = {
				CLANG_ENABLE_MODULES = YES;
				CODE_SIGN_IDENTITY = "";
				CURRENT_PROJECT_VERSION = 1;
				DEFINES_MODULE = YES;
				DEVELOPMENT_TEAM = 8LNA9LB2Y8;
				DYLIB_COMPATIBILITY_VERSION = 1;
				DYLIB_CURRENT_VERSION = 1;
				DYLIB_INSTALL_NAME_BASE = "@rpath";
				INFOPLIST_FILE = Container/Info.plist;
				INSTALL_PATH = "$(LOCAL_LIBRARY_DIR)/Frameworks";
				LD_RUNPATH_SEARCH_PATHS = "$(inherited) @executable_path/Frameworks @loader_path/Frameworks";
				PRODUCT_BUNDLE_IDENTIFIER = com.alexandrefreire.Container;
				PRODUCT_NAME = "$(TARGET_NAME)";
				SKIP_INSTALL = YES;
				SWIFT_VERSION = 3.0;
				TARGETED_DEVICE_FAMILY = "1,2";
				VERSIONING_SYSTEM = "apple-generic";
				VERSION_INFO_PREFIX = "";
			};
			name = Release;
		};
		ACB493C91E60661D00EF069E /* Debug */ = {
			isa = XCBuildConfiguration;
			buildSettings = {
				ALWAYS_SEARCH_USER_PATHS = NO;
				CLANG_ANALYZER_NONNULL = YES;
				CLANG_CXX_LANGUAGE_STANDARD = "gnu++0x";
				CLANG_CXX_LIBRARY = "libc++";
				CLANG_ENABLE_MODULES = YES;
				CLANG_ENABLE_OBJC_ARC = YES;
				CLANG_WARN_BOOL_CONVERSION = YES;
				CLANG_WARN_CONSTANT_CONVERSION = YES;
				CLANG_WARN_DIRECT_OBJC_ISA_USAGE = YES_ERROR;
				CLANG_WARN_DOCUMENTATION_COMMENTS = YES;
				CLANG_WARN_EMPTY_BODY = YES;
				CLANG_WARN_ENUM_CONVERSION = YES;
				CLANG_WARN_INFINITE_RECURSION = YES;
				CLANG_WARN_INT_CONVERSION = YES;
				CLANG_WARN_OBJC_ROOT_CLASS = YES_ERROR;
				CLANG_WARN_SUSPICIOUS_MOVE = YES;
				CLANG_WARN_UNREACHABLE_CODE = YES;
				CLANG_WARN__DUPLICATE_METHOD_MATCH = YES;
				"CODE_SIGN_IDENTITY[sdk=iphoneos*]" = "iPhone Developer";
				COPY_PHASE_STRIP = NO;
				DEBUG_INFORMATION_FORMAT = dwarf;
				ENABLE_STRICT_OBJC_MSGSEND = YES;
				ENABLE_TESTABILITY = YES;
				GCC_C_LANGUAGE_STANDARD = gnu99;
				GCC_DYNAMIC_NO_PIC = NO;
				GCC_NO_COMMON_BLOCKS = YES;
				GCC_OPTIMIZATION_LEVEL = 0;
				GCC_PREPROCESSOR_DEFINITIONS = (
					"DEBUG=1",
					"$(inherited)",
				);
				GCC_WARN_64_TO_32_BIT_CONVERSION = YES;
				GCC_WARN_ABOUT_RETURN_TYPE = YES_ERROR;
				GCC_WARN_UNDECLARED_SELECTOR = YES;
				GCC_WARN_UNINITIALIZED_AUTOS = YES_AGGRESSIVE;
				GCC_WARN_UNUSED_FUNCTION = YES;
				GCC_WARN_UNUSED_VARIABLE = YES;
				IPHONEOS_DEPLOYMENT_TARGET = 10.2;
				MTL_ENABLE_DEBUG_INFO = YES;
				ONLY_ACTIVE_ARCH = YES;
				SDKROOT = iphoneos;
				SWIFT_ACTIVE_COMPILATION_CONDITIONS = DEBUG;
				SWIFT_OPTIMIZATION_LEVEL = "-Onone";
				TARGETED_DEVICE_FAMILY = 2;
			};
			name = Debug;
		};
		ACB493CA1E60661D00EF069E /* Release */ = {
			isa = XCBuildConfiguration;
			buildSettings = {
				ALWAYS_SEARCH_USER_PATHS = NO;
				CLANG_ANALYZER_NONNULL = YES;
				CLANG_CXX_LANGUAGE_STANDARD = "gnu++0x";
				CLANG_CXX_LIBRARY = "libc++";
				CLANG_ENABLE_MODULES = YES;
				CLANG_ENABLE_OBJC_ARC = YES;
				CLANG_WARN_BOOL_CONVERSION = YES;
				CLANG_WARN_CONSTANT_CONVERSION = YES;
				CLANG_WARN_DIRECT_OBJC_ISA_USAGE = YES_ERROR;
				CLANG_WARN_DOCUMENTATION_COMMENTS = YES;
				CLANG_WARN_EMPTY_BODY = YES;
				CLANG_WARN_ENUM_CONVERSION = YES;
				CLANG_WARN_INFINITE_RECURSION = YES;
				CLANG_WARN_INT_CONVERSION = YES;
				CLANG_WARN_OBJC_ROOT_CLASS = YES_ERROR;
				CLANG_WARN_SUSPICIOUS_MOVE = YES;
				CLANG_WARN_UNREACHABLE_CODE = YES;
				CLANG_WARN__DUPLICATE_METHOD_MATCH = YES;
				"CODE_SIGN_IDENTITY[sdk=iphoneos*]" = "iPhone Developer";
				COPY_PHASE_STRIP = NO;
				DEBUG_INFORMATION_FORMAT = "dwarf-with-dsym";
				ENABLE_NS_ASSERTIONS = NO;
				ENABLE_STRICT_OBJC_MSGSEND = YES;
				GCC_C_LANGUAGE_STANDARD = gnu99;
				GCC_NO_COMMON_BLOCKS = YES;
				GCC_WARN_64_TO_32_BIT_CONVERSION = YES;
				GCC_WARN_ABOUT_RETURN_TYPE = YES_ERROR;
				GCC_WARN_UNDECLARED_SELECTOR = YES;
				GCC_WARN_UNINITIALIZED_AUTOS = YES_AGGRESSIVE;
				GCC_WARN_UNUSED_FUNCTION = YES;
				GCC_WARN_UNUSED_VARIABLE = YES;
				IPHONEOS_DEPLOYMENT_TARGET = 10.2;
				MTL_ENABLE_DEBUG_INFO = NO;
				SDKROOT = iphoneos;
				SWIFT_OPTIMIZATION_LEVEL = "-Owholemodule";
				TARGETED_DEVICE_FAMILY = 2;
				VALIDATE_PRODUCT = YES;
			};
			name = Release;
		};
		ACB493CC1E60661D00EF069E /* Debug */ = {
			isa = XCBuildConfiguration;
			baseConfigurationReference = 4587DB408AD7595A90A6C0BE /* Pods-TEA.debug.xcconfig */;
			buildSettings = {
				ALWAYS_EMBED_SWIFT_STANDARD_LIBRARIES = YES;
				ASSETCATALOG_COMPILER_APPICON_NAME = AppIcon;
				DEVELOPMENT_TEAM = 8LNA9LB2Y8;
				INFOPLIST_FILE = TEA/Info.plist;
				LD_RUNPATH_SEARCH_PATHS = "$(inherited) @executable_path/Frameworks";
				PRODUCT_BUNDLE_IDENTIFIER = com.alexandrefreire.TEA;
				PRODUCT_NAME = "$(TARGET_NAME)";
				SWIFT_VERSION = 3.0;
			};
			name = Debug;
		};
		ACB493CD1E60661D00EF069E /* Release */ = {
			isa = XCBuildConfiguration;
			baseConfigurationReference = 5C40FCC9F566CD91CE587027 /* Pods-TEA.release.xcconfig */;
			buildSettings = {
				ALWAYS_EMBED_SWIFT_STANDARD_LIBRARIES = YES;
				ASSETCATALOG_COMPILER_APPICON_NAME = AppIcon;
				DEVELOPMENT_TEAM = 8LNA9LB2Y8;
				INFOPLIST_FILE = TEA/Info.plist;
				LD_RUNPATH_SEARCH_PATHS = "$(inherited) @executable_path/Frameworks";
				PRODUCT_BUNDLE_IDENTIFIER = com.alexandrefreire.TEA;
				PRODUCT_NAME = "$(TARGET_NAME)";
				SWIFT_VERSION = 3.0;
			};
			name = Release;
		};
		ACB493DD1E60668600EF069E /* Debug */ = {
			isa = XCBuildConfiguration;
			baseConfigurationReference = 3965308828AE34E6086023A5 /* Pods-ImageLoader.debug.xcconfig */;
			buildSettings = {
				CLANG_ENABLE_MODULES = YES;
				CODE_SIGN_IDENTITY = "";
				CURRENT_PROJECT_VERSION = 1;
				DEFINES_MODULE = YES;
				DEVELOPMENT_TEAM = 8LNA9LB2Y8;
				DYLIB_COMPATIBILITY_VERSION = 1;
				DYLIB_CURRENT_VERSION = 1;
				DYLIB_INSTALL_NAME_BASE = "@rpath";
				INFOPLIST_FILE = ImageLoader/Info.plist;
				INSTALL_PATH = "$(LOCAL_LIBRARY_DIR)/Frameworks";
				LD_RUNPATH_SEARCH_PATHS = "$(inherited) @executable_path/Frameworks @loader_path/Frameworks";
				PRODUCT_BUNDLE_IDENTIFIER = com.alexandrefreire.ImageLoader;
				PRODUCT_NAME = "$(TARGET_NAME)";
				SKIP_INSTALL = YES;
				SWIFT_OPTIMIZATION_LEVEL = "-Onone";
				SWIFT_VERSION = 3.0;
				TARGETED_DEVICE_FAMILY = "1,2";
				VERSIONING_SYSTEM = "apple-generic";
				VERSION_INFO_PREFIX = "";
			};
			name = Debug;
		};
		ACB493DE1E60668600EF069E /* Release */ = {
			isa = XCBuildConfiguration;
			baseConfigurationReference = CB5F75D6A266E1C9A2DB7C55 /* Pods-ImageLoader.release.xcconfig */;
			buildSettings = {
				CLANG_ENABLE_MODULES = YES;
				CODE_SIGN_IDENTITY = "";
				CURRENT_PROJECT_VERSION = 1;
				DEFINES_MODULE = YES;
				DEVELOPMENT_TEAM = 8LNA9LB2Y8;
				DYLIB_COMPATIBILITY_VERSION = 1;
				DYLIB_CURRENT_VERSION = 1;
				DYLIB_INSTALL_NAME_BASE = "@rpath";
				INFOPLIST_FILE = ImageLoader/Info.plist;
				INSTALL_PATH = "$(LOCAL_LIBRARY_DIR)/Frameworks";
				LD_RUNPATH_SEARCH_PATHS = "$(inherited) @executable_path/Frameworks @loader_path/Frameworks";
				PRODUCT_BUNDLE_IDENTIFIER = com.alexandrefreire.ImageLoader;
				PRODUCT_NAME = "$(TARGET_NAME)";
				SKIP_INSTALL = YES;
				SWIFT_VERSION = 3.0;
				TARGETED_DEVICE_FAMILY = "1,2";
				VERSIONING_SYSTEM = "apple-generic";
				VERSION_INFO_PREFIX = "";
			};
			name = Release;
		};
		ACB493F71E60675000EF069E /* Debug */ = {
			isa = XCBuildConfiguration;
			baseConfigurationReference = 25B6B7F68F165224D67A85D9 /* Pods-HTTPFetcher.debug.xcconfig */;
			buildSettings = {
				CLANG_ENABLE_MODULES = YES;
				CODE_SIGN_IDENTITY = "";
				CURRENT_PROJECT_VERSION = 1;
				DEFINES_MODULE = YES;
				DEVELOPMENT_TEAM = 8LNA9LB2Y8;
				DYLIB_COMPATIBILITY_VERSION = 1;
				DYLIB_CURRENT_VERSION = 1;
				DYLIB_INSTALL_NAME_BASE = "@rpath";
				INFOPLIST_FILE = HTTPFetcher/Info.plist;
				INSTALL_PATH = "$(LOCAL_LIBRARY_DIR)/Frameworks";
				LD_RUNPATH_SEARCH_PATHS = "$(inherited) @executable_path/Frameworks @loader_path/Frameworks";
				PRODUCT_BUNDLE_IDENTIFIER = com.alexandrefreire.HTTPFetcher;
				PRODUCT_NAME = "$(TARGET_NAME)";
				SKIP_INSTALL = YES;
				SWIFT_OPTIMIZATION_LEVEL = "-Onone";
				SWIFT_VERSION = 3.0;
				TARGETED_DEVICE_FAMILY = "1,2";
				VERSIONING_SYSTEM = "apple-generic";
				VERSION_INFO_PREFIX = "";
			};
			name = Debug;
		};
		ACB493F81E60675000EF069E /* Release */ = {
			isa = XCBuildConfiguration;
			baseConfigurationReference = 3078EBF3E7AC8CB4416B0651 /* Pods-HTTPFetcher.release.xcconfig */;
			buildSettings = {
				CLANG_ENABLE_MODULES = YES;
				CODE_SIGN_IDENTITY = "";
				CURRENT_PROJECT_VERSION = 1;
				DEFINES_MODULE = YES;
				DEVELOPMENT_TEAM = 8LNA9LB2Y8;
				DYLIB_COMPATIBILITY_VERSION = 1;
				DYLIB_CURRENT_VERSION = 1;
				DYLIB_INSTALL_NAME_BASE = "@rpath";
				INFOPLIST_FILE = HTTPFetcher/Info.plist;
				INSTALL_PATH = "$(LOCAL_LIBRARY_DIR)/Frameworks";
				LD_RUNPATH_SEARCH_PATHS = "$(inherited) @executable_path/Frameworks @loader_path/Frameworks";
				PRODUCT_BUNDLE_IDENTIFIER = com.alexandrefreire.HTTPFetcher;
				PRODUCT_NAME = "$(TARGET_NAME)";
				SKIP_INSTALL = YES;
				SWIFT_VERSION = 3.0;
				TARGETED_DEVICE_FAMILY = "1,2";
				VERSIONING_SYSTEM = "apple-generic";
				VERSION_INFO_PREFIX = "";
			};
			name = Release;
		};
		ACB4940C1E6067CD00EF069E /* Debug */ = {
			isa = XCBuildConfiguration;
			baseConfigurationReference = 6B5AF472FDB384F09919AB0D /* Pods-TEAService.debug.xcconfig */;
			buildSettings = {
				CLANG_ENABLE_MODULES = YES;
				CODE_SIGN_IDENTITY = "";
				CURRENT_PROJECT_VERSION = 1;
				DEFINES_MODULE = YES;
				DEVELOPMENT_TEAM = 8LNA9LB2Y8;
				DYLIB_COMPATIBILITY_VERSION = 1;
				DYLIB_CURRENT_VERSION = 1;
				DYLIB_INSTALL_NAME_BASE = "@rpath";
				INFOPLIST_FILE = TEAService/Info.plist;
				INSTALL_PATH = "$(LOCAL_LIBRARY_DIR)/Frameworks";
				LD_RUNPATH_SEARCH_PATHS = "$(inherited) @executable_path/Frameworks @loader_path/Frameworks";
				PRODUCT_BUNDLE_IDENTIFIER = com.alexandrefreire.TEAService;
				PRODUCT_NAME = "$(TARGET_NAME)";
				SKIP_INSTALL = YES;
				SWIFT_OPTIMIZATION_LEVEL = "-Onone";
				SWIFT_VERSION = 3.0;
				TARGETED_DEVICE_FAMILY = "1,2";
				VERSIONING_SYSTEM = "apple-generic";
				VERSION_INFO_PREFIX = "";
			};
			name = Debug;
		};
		ACB4940D1E6067CD00EF069E /* Release */ = {
			isa = XCBuildConfiguration;
			baseConfigurationReference = 1D3A6E3AB7163E6B72B7600E /* Pods-TEAService.release.xcconfig */;
			buildSettings = {
				CLANG_ENABLE_MODULES = YES;
				CODE_SIGN_IDENTITY = "";
				CURRENT_PROJECT_VERSION = 1;
				DEFINES_MODULE = YES;
				DEVELOPMENT_TEAM = 8LNA9LB2Y8;
				DYLIB_COMPATIBILITY_VERSION = 1;
				DYLIB_CURRENT_VERSION = 1;
				DYLIB_INSTALL_NAME_BASE = "@rpath";
				INFOPLIST_FILE = TEAService/Info.plist;
				INSTALL_PATH = "$(LOCAL_LIBRARY_DIR)/Frameworks";
				LD_RUNPATH_SEARCH_PATHS = "$(inherited) @executable_path/Frameworks @loader_path/Frameworks";
				PRODUCT_BUNDLE_IDENTIFIER = com.alexandrefreire.TEAService;
				PRODUCT_NAME = "$(TARGET_NAME)";
				SKIP_INSTALL = YES;
				SWIFT_VERSION = 3.0;
				TARGETED_DEVICE_FAMILY = "1,2";
				VERSIONING_SYSTEM = "apple-generic";
				VERSION_INFO_PREFIX = "";
			};
			name = Release;
		};
/* End XCBuildConfiguration section */

/* Begin XCConfigurationList section */
		AC0EA29A1E6750BE005FA25F /* Build configuration list for PBXNativeTarget "Container" */ = {
			isa = XCConfigurationList;
			buildConfigurations = (
				AC0EA2981E6750BE005FA25F /* Debug */,
				AC0EA2991E6750BE005FA25F /* Release */,
			);
			defaultConfigurationIsVisible = 0;
			defaultConfigurationName = Release;
		};
		ACB493B41E60661D00EF069E /* Build configuration list for PBXProject "TEA" */ = {
			isa = XCConfigurationList;
			buildConfigurations = (
				ACB493C91E60661D00EF069E /* Debug */,
				ACB493CA1E60661D00EF069E /* Release */,
			);
			defaultConfigurationIsVisible = 0;
			defaultConfigurationName = Release;
		};
		ACB493CB1E60661D00EF069E /* Build configuration list for PBXNativeTarget "TEA" */ = {
			isa = XCConfigurationList;
			buildConfigurations = (
				ACB493CC1E60661D00EF069E /* Debug */,
				ACB493CD1E60661D00EF069E /* Release */,
			);
			defaultConfigurationIsVisible = 0;
			defaultConfigurationName = Release;
		};
		ACB493DC1E60668600EF069E /* Build configuration list for PBXNativeTarget "ImageLoader" */ = {
			isa = XCConfigurationList;
			buildConfigurations = (
				ACB493DD1E60668600EF069E /* Debug */,
				ACB493DE1E60668600EF069E /* Release */,
			);
			defaultConfigurationIsVisible = 0;
			defaultConfigurationName = Release;
		};
		ACB493F61E60675000EF069E /* Build configuration list for PBXNativeTarget "HTTPFetcher" */ = {
			isa = XCConfigurationList;
			buildConfigurations = (
				ACB493F71E60675000EF069E /* Debug */,
				ACB493F81E60675000EF069E /* Release */,
			);
			defaultConfigurationIsVisible = 0;
			defaultConfigurationName = Release;
		};
		ACB4940B1E6067CD00EF069E /* Build configuration list for PBXNativeTarget "TEAService" */ = {
			isa = XCConfigurationList;
			buildConfigurations = (
				ACB4940C1E6067CD00EF069E /* Debug */,
				ACB4940D1E6067CD00EF069E /* Release */,
			);
			defaultConfigurationIsVisible = 0;
			defaultConfigurationName = Release;
		};
/* End XCConfigurationList section */

/* Begin XCVersionGroup section */
		AC0EA29B1E6750D0005FA25F /* Model.xcdatamodeld */ = {
			isa = XCVersionGroup;
			children = (
				AC0EA29C1E6750D0005FA25F /* Model.xcdatamodel */,
			);
			currentVersion = AC0EA29C1E6750D0005FA25F /* Model.xcdatamodel */;
			path = Model.xcdatamodeld;
			sourceTree = "<group>";
			versionGroupType = wrapper.xcdatamodel;
		};
/* End XCVersionGroup section */
	};
	rootObject = ACB493B11E60661D00EF069E /* Project object */;
}
